// !$*UTF8*$!
{
	archiveVersion = 1;
	classes = {
	};
	objectVersion = 46;
	objects = {

/* Begin PBXBuildFile section */
		2C156CAE1EE7961C000C52D4 /* NuoBoardMesh.m in Sources */ = {isa = PBXBuildFile; fileRef = 2C156CAD1EE7961C000C52D4 /* NuoBoardMesh.m */; };
		2C156CBA1EE845A8000C52D4 /* NuoBoardMesh.mm in Sources */ = {isa = PBXBuildFile; fileRef = 2C156CB91EE845A8000C52D4 /* NuoBoardMesh.mm */; };
		2C156CD01EE9B357000C52D4 /* NuoSheetPanel.m in Sources */ = {isa = PBXBuildFile; fileRef = 2C156CCF1EE9B357000C52D4 /* NuoSheetPanel.m */; };
		2C1B28081D95FF17009F5912 /* NuoTextureBase.m in Sources */ = {isa = PBXBuildFile; fileRef = 2C1B28061D95FF17009F5912 /* NuoTextureBase.m */; };
		2C235FCD1DD6CBD700E68295 /* Shaders.metal in Sources */ = {isa = PBXBuildFile; fileRef = 2C235FC71DD6CBD700E68295 /* Shaders.metal */; };
		2C235FCE1DD6CBD700E68295 /* ShadersMaterialed.metal in Sources */ = {isa = PBXBuildFile; fileRef = 2C235FC91DD6CBD700E68295 /* ShadersMaterialed.metal */; };
		2C235FCF1DD6CBD700E68295 /* ShadersTextured.metal in Sources */ = {isa = PBXBuildFile; fileRef = 2C235FCA1DD6CBD700E68295 /* ShadersTextured.metal */; };
		2C235FD01DD6CBD700E68295 /* ShadersTexturedMaterialed.metal in Sources */ = {isa = PBXBuildFile; fileRef = 2C235FCB1DD6CBD700E68295 /* ShadersTexturedMaterialed.metal */; };
		2C235FD11DD6CBD700E68295 /* ShadersTextureImage.metal in Sources */ = {isa = PBXBuildFile; fileRef = 2C235FCC1DD6CBD700E68295 /* ShadersTextureImage.metal */; };
		2C2873071E3E77790098092C /* ModelComponentPanels.m in Sources */ = {isa = PBXBuildFile; fileRef = 2C2873061E3E77790098092C /* ModelComponentPanels.m */; };
		2C2873101E3ED5A40098092C /* ModelPartPropPanel.m in Sources */ = {isa = PBXBuildFile; fileRef = 2C28730F1E3ED5A40098092C /* ModelPartPropPanel.m */; };
		2C2A58B01DD1457200E9F9BC /* NuoRenderPassTarget.m in Sources */ = {isa = PBXBuildFile; fileRef = 2C2A58AF1DD1457200E9F9BC /* NuoRenderPassTarget.m */; };
		2C2F45781F9B9C6800B05607 /* NuoBackdropMesh.m in Sources */ = {isa = PBXBuildFile; fileRef = 2C2F45771F9B9C6800B05607 /* NuoBackdropMesh.m */; };
		2C2ACEC01FA1B1AE0055D52D /* FrameRateView.m in Sources */ = {isa = PBXBuildFile; fileRef = 2C2ACEBF1FA1B1AE0055D52D /* FrameRateView.m */; };
		2C3D9A9C1D7DF5C3002C1226 /* NuoModelTextured.cpp in Sources */ = {isa = PBXBuildFile; fileRef = 2C3D9A9A1D7DF5C3002C1226 /* NuoModelTextured.cpp */; };
		2C3D9AA11D7E344F002C1226 /* NuoTypes.cpp in Sources */ = {isa = PBXBuildFile; fileRef = 2C3D9A9F1D7E344F002C1226 /* NuoTypes.cpp */; };
		2C4042BE1E065B2700AAC06E /* NuoLua.m in Sources */ = {isa = PBXBuildFile; fileRef = 2C4042BD1E065B2700AAC06E /* NuoLua.m */; };
		2C4434501E1EAAF800C861AF /* LightOperationPanel.m in Sources */ = {isa = PBXBuildFile; fileRef = 2C44344F1E1EAAF800C861AF /* LightOperationPanel.m */; };
		2C4B60421D8AD32100A12968 /* ModelOperationPanel.m in Sources */ = {isa = PBXBuildFile; fileRef = 2C4B60411D8AD32100A12968 /* ModelOperationPanel.m */; };
		2C4DE7881DFB565900199F1D /* libluad.dylib in Frameworks */ = {isa = PBXBuildFile; fileRef = 2C4DE7851DFB55E100199F1D /* libluad.dylib */; };
		2C52F12E1DCC03380034ACDC /* NuoTextureMesh.mm in Sources */ = {isa = PBXBuildFile; fileRef = 2C52F12D1DCC03380034ACDC /* NuoTextureMesh.mm */; };
		2C5A58371ECEB7CA00121A82 /* NuoMeshCompound.m in Sources */ = {isa = PBXBuildFile; fileRef = 2C5A58361ECEB7CA00121A82 /* NuoMeshCompound.m */; };
		2C5A58501ED3F2FD00121A82 /* NuoModelBoard.cpp in Sources */ = {isa = PBXBuildFile; fileRef = 2C5A584E1ED3F2FD00121A82 /* NuoModelBoard.cpp */; };
		2C5B92B41D7157A600722936 /* MainMenu.xib in Resources */ = {isa = PBXBuildFile; fileRef = 2C5B92B21D7157A600722936 /* MainMenu.xib */; };
		2C5B92B71D7157EA00722936 /* ModelView.m in Sources */ = {isa = PBXBuildFile; fileRef = 2C5B92B61D7157EA00722936 /* ModelView.m */; };
		2C5B92BD1D7160EC00722936 /* NuoModelLoader.mm in Sources */ = {isa = PBXBuildFile; fileRef = 2C5B92BC1D7160EC00722936 /* NuoModelLoader.mm */; };
		2C5B92C01D72D11E00722936 /* NuoModelBase.cpp in Sources */ = {isa = PBXBuildFile; fileRef = 2C5B92BE1D72D11E00722936 /* NuoModelBase.cpp */; };
		2C5B92C31D73F51E00722936 /* NuoMaterial.cpp in Sources */ = {isa = PBXBuildFile; fileRef = 2C5B92C11D73F51E00722936 /* NuoMaterial.cpp */; };
		2C5DDACC1D6590DB00A9DC9A /* NuoMesh.mm in Sources */ = {isa = PBXBuildFile; fileRef = 2C5DDACA1D6590DB00A9DC9A /* NuoMesh.mm */; };
		2C5DDAD61D6591B000A9DC9A /* NuoMathUtilities.cpp in Sources */ = {isa = PBXBuildFile; fileRef = 2C5DDAD41D6591B000A9DC9A /* NuoMathUtilities.cpp */; };
		2C5DDADA1D65949E00A9DC9A /* ModelViewerRenderer.mm in Sources */ = {isa = PBXBuildFile; fileRef = 2C5DDAD91D65949E00A9DC9A /* ModelViewerRenderer.mm */; };
		2C6A8E5A1F7FE8BB0007551F /* ShadersDeferred.metal in Sources */ = {isa = PBXBuildFile; fileRef = 2C6A8E591F7FE8BB0007551F /* ShadersDeferred.metal */; };
		2C6A8E701F80BBA70007551F /* NuoScreenSpaceMesh.m in Sources */ = {isa = PBXBuildFile; fileRef = 2C6A8E6F1F80BBA70007551F /* NuoScreenSpaceMesh.m */; };
		2C6A8E7B1F8134440007551F /* NuoDeferredRenderer.m in Sources */ = {isa = PBXBuildFile; fileRef = 2C6A8E7A1F8134440007551F /* NuoDeferredRenderer.m */; };
		2C723A991E42D05700484992 /* ModelPartDimensionPanel.m in Sources */ = {isa = PBXBuildFile; fileRef = 2C723A981E42D05700484992 /* ModelPartDimensionPanel.m */; };
		2C723AA91E43A83600484992 /* NuoMeshRotation.m in Sources */ = {isa = PBXBuildFile; fileRef = 2C723AA81E43A83600484992 /* NuoMeshRotation.m */; };
		2C723AB01E44355300484992 /* ModelPartsAnimations.xib in Resources */ = {isa = PBXBuildFile; fileRef = 2C723AAF1E44355300484992 /* ModelPartsAnimations.xib */; };
		2C82E1091F874B2500D2C85C /* ModelOperationAmbientPopover.m in Sources */ = {isa = PBXBuildFile; fileRef = 2C82E1081F874B2500D2C85C /* ModelOperationAmbientPopover.m */; };
		2C840D0E1D7001C2000D2956 /* NuoMetalView.m in Sources */ = {isa = PBXBuildFile; fileRef = 2C840D0D1D7001C2000D2956 /* NuoMetalView.m */; };
		2C8974931D8BBAEF00460648 /* NuoMeshOptions.m in Sources */ = {isa = PBXBuildFile; fileRef = 2C8974921D8BBAEF00460648 /* NuoMeshOptions.m */; };
		2C8B80ED1E2D6654001746FE /* NuoShadowMapTarget.m in Sources */ = {isa = PBXBuildFile; fileRef = 2C8B80EB1E2D6654001746FE /* NuoShadowMapTarget.m */; };
		2C8B80FD1E2EDB01001746FE /* NuoRenderPipelinePass.m in Sources */ = {isa = PBXBuildFile; fileRef = 2C8B80FC1E2EDB01001746FE /* NuoRenderPipelinePass.m */; };
		2C97774B1F7E07B80031F188 /* NuoScreenSpaceTarget.m in Sources */ = {isa = PBXBuildFile; fileRef = 2C97774A1F7E07B80031F188 /* NuoScreenSpaceTarget.m */; };
		2C9777521F7E1AB60031F188 /* NuoScreenSpaceRenderer.m in Sources */ = {isa = PBXBuildFile; fileRef = 2C9777511F7E1AB60031F188 /* NuoScreenSpaceRenderer.m */; };
		2C97775A1F7EC8B60031F188 /* NuoMeshSceneRenderPass.m in Sources */ = {isa = PBXBuildFile; fileRef = 2C9777591F7EC8B60031F188 /* NuoMeshSceneRenderPass.m */; };
		2C99908F1F5F350400AEF181 /* ModelDissectRenderer.mm in Sources */ = {isa = PBXBuildFile; fileRef = 2C99908E1F5F350300AEF181 /* ModelDissectRenderer.mm */; };
		2C9D9AAA1D658F0800283E46 /* AppDelegate.m in Sources */ = {isa = PBXBuildFile; fileRef = 2C9D9AA91D658F0800283E46 /* AppDelegate.m */; };
		2C9D9AAD1D658F0800283E46 /* main.m in Sources */ = {isa = PBXBuildFile; fileRef = 2C9D9AAC1D658F0800283E46 /* main.m */; };
		2C9D9AAF1D658F0800283E46 /* Assets.xcassets in Resources */ = {isa = PBXBuildFile; fileRef = 2C9D9AAE1D658F0800283E46 /* Assets.xcassets */; };
		2C9E397B1DF7D8BC00286EA0 /* NuoTableExporter.cpp in Sources */ = {isa = PBXBuildFile; fileRef = 2C9E39791DF7D8BC00286EA0 /* NuoTableExporter.cpp */; };
		2CA55FA91DD21D2A0000AD21 /* NuoRenderPass.m in Sources */ = {isa = PBXBuildFile; fileRef = 2CA55FA81DD21D2A0000AD21 /* NuoRenderPass.m */; };
		2CAF2E851D691AC90074E402 /* tiny_obj_loader.cc in Sources */ = {isa = PBXBuildFile; fileRef = 2CAF2E831D691AC90074E402 /* tiny_obj_loader.cc */; };
		2CC5EDEE1D8A62B100419168 /* NuoRoundedView.m in Sources */ = {isa = PBXBuildFile; fileRef = 2CC5EDED1D8A62B100419168 /* NuoRoundedView.m */; };
		2CCF9C771E5B4F77006EF8C4 /* NuoOffscreenView.m in Sources */ = {isa = PBXBuildFile; fileRef = 2CCF9C761E5B4F77006EF8C4 /* NuoOffscreenView.m */; };
		2CCF9C801E5B7A43006EF8C4 /* NuoRenderPipeline.m in Sources */ = {isa = PBXBuildFile; fileRef = 2CCF9C7F1E5B7A43006EF8C4 /* NuoRenderPipeline.m */; };
		2CD6249F1F016B820058CCB7 /* libluad.dylib in Copy Dylibs */ = {isa = PBXBuildFile; fileRef = 2C4DE7851DFB55E100199F1D /* libluad.dylib */; settings = {ATTRIBUTES = (CodeSignOnCopy, ); }; };
		2CDCDAF31DC185A800ECFE39 /* NuoModelArrow.cpp in Sources */ = {isa = PBXBuildFile; fileRef = 2CDCDAF11DC185A800ECFE39 /* NuoModelArrow.cpp */; };
		2CDFB21E1DD99E2100C67FA3 /* NotationLight.mm in Sources */ = {isa = PBXBuildFile; fileRef = 2CDFB21D1DD99E2100C67FA3 /* NotationLight.mm */; };
		2CE2CA221D804EC5005509EE /* NuoMeshTextured.mm in Sources */ = {isa = PBXBuildFile; fileRef = 2CE2CA211D804EC5005509EE /* NuoMeshTextured.mm */; };
		2CE2D7FF1E2167F2000CCD2D /* ModelPartsPanel.m in Sources */ = {isa = PBXBuildFile; fileRef = 2CE2D7FE1E2167F2000CCD2D /* ModelPartsPanel.m */; };
		2CE2D80B1E254790000CCD2D /* ModelPartsTableView.xib in Resources */ = {isa = PBXBuildFile; fileRef = 2CE2D80A1E254790000CCD2D /* ModelPartsTableView.xib */; };
		2CEE8CF71F71BC3F00C4D4F6 /* LightShadowPopoverController.m in Sources */ = {isa = PBXBuildFile; fileRef = 2CEE8CF61F71BC3F00C4D4F6 /* LightShadowPopoverController.m */; };
		2CF62A471EE9B4E7003E23EF /* BoardSettingsPanel.m in Sources */ = {isa = PBXBuildFile; fileRef = 2CF62A461EE9B4E7003E23EF /* BoardSettingsPanel.m */; };
		2CF62A691EEF5E11003E23EF /* NuoLightSource.m in Sources */ = {isa = PBXBuildFile; fileRef = 2CF62A681EEF5E11003E23EF /* NuoLightSource.m */; };
		2CF62A721EEF7CD0003E23EF /* NuoShadowMapRenderer.m in Sources */ = {isa = PBXBuildFile; fileRef = 2CF62A711EEF7CD0003E23EF /* NuoShadowMapRenderer.m */; };
		983C2E1A1F86D60200D8E689 /* ModelOperationTexturePopover.m in Sources */ = {isa = PBXBuildFile; fileRef = 983C2E191F86D60200D8E689 /* ModelOperationTexturePopover.m */; };
		987469FF1F8565F900DD058F /* NuoPopoverSheet.m in Sources */ = {isa = PBXBuildFile; fileRef = 987469FE1F8565F900DD058F /* NuoPopoverSheet.m */; };
		988442461D80853700EE2C4C /* NuoModelMaterialedBasic.cpp in Sources */ = {isa = PBXBuildFile; fileRef = 988442441D80853700EE2C4C /* NuoModelMaterialedBasic.cpp */; };
		9884424B1D80B07500EE2C4C /* NuoMeshTexMatieraled.mm in Sources */ = {isa = PBXBuildFile; fileRef = 9884424A1D80B07500EE2C4C /* NuoMeshTexMatieraled.mm */; };
		988B676D1E43F2BD00EA1453 /* NuoMeshAnimation.m in Sources */ = {isa = PBXBuildFile; fileRef = 988B676C1E43F2BD00EA1453 /* NuoMeshAnimation.m */; };
		98CA11B81DD2B00900440C53 /* NotationRenderer.m in Sources */ = {isa = PBXBuildFile; fileRef = 98CA11B71DD2B00900440C53 /* NotationRenderer.m */; };
		98CD06BA1DE4CC2800881F5F /* ShadersTexturedMaterialedBump.metal in Sources */ = {isa = PBXBuildFile; fileRef = 98CD06B91DE4CC2800881F5F /* ShadersTexturedMaterialedBump.metal */; };
		98E05A601E6A17A600D4068F /* NuoCubeMesh.m in Sources */ = {isa = PBXBuildFile; fileRef = 98E05A5F1E6A17A600D4068F /* NuoCubeMesh.m */; };
		98E05A621E6A188F00D4068F /* ShadersCube.metal in Sources */ = {isa = PBXBuildFile; fileRef = 98E05A611E6A188F00D4068F /* ShadersCube.metal */; };
/* End PBXBuildFile section */

/* Begin PBXContainerItemProxy section */
		2C4DE77C1DFB55E100199F1D /* PBXContainerItemProxy */ = {
			isa = PBXContainerItemProxy;
			containerPortal = 2C4DE7741DFB55E100199F1D /* lua.xcodeproj */;
			proxyType = 2;
			remoteGlobalIDString = 2C3170E3157CE98000F12776;
			remoteInfo = lua;
		};
		2C4DE77E1DFB55E100199F1D /* PBXContainerItemProxy */ = {
			isa = PBXContainerItemProxy;
			containerPortal = 2C4DE7741DFB55E100199F1D /* lua.xcodeproj */;
			proxyType = 2;
			remoteGlobalIDString = 2C57C91B163F923C00C9AA4A;
			remoteInfo = luad;
		};
		2C4DE7801DFB55E100199F1D /* PBXContainerItemProxy */ = {
			isa = PBXContainerItemProxy;
			containerPortal = 2C4DE7741DFB55E100199F1D /* lua.xcodeproj */;
			proxyType = 2;
			remoteGlobalIDString = 2C317193157CEEE000F12776;
			remoteInfo = luac;
		};
		2C4DE7821DFB55E100199F1D /* PBXContainerItemProxy */ = {
			isa = PBXContainerItemProxy;
			containerPortal = 2C4DE7741DFB55E100199F1D /* lua.xcodeproj */;
			proxyType = 2;
			remoteGlobalIDString = 2C317152157CECFD00F12776;
			remoteInfo = liblua;
		};
		2C4DE7841DFB55E100199F1D /* PBXContainerItemProxy */ = {
			isa = PBXContainerItemProxy;
			containerPortal = 2C4DE7741DFB55E100199F1D /* lua.xcodeproj */;
			proxyType = 2;
			remoteGlobalIDString = 2C57C8E0163F909000C9AA4A;
			remoteInfo = libluad;
		};
		2C4DE7861DFB565300199F1D /* PBXContainerItemProxy */ = {
			isa = PBXContainerItemProxy;
			containerPortal = 2C4DE7741DFB55E100199F1D /* lua.xcodeproj */;
			proxyType = 1;
			remoteGlobalIDString = 2C57C8DF163F909000C9AA4A;
			remoteInfo = libluad;
		};
/* End PBXContainerItemProxy section */

/* Begin PBXCopyFilesBuildPhase section */
		2CD624981F016B220058CCB7 /* Copy Dylibs */ = {
			isa = PBXCopyFilesBuildPhase;
			buildActionMask = 2147483647;
			dstPath = "";
			dstSubfolderSpec = 10;
			files = (
				2CD6249F1F016B820058CCB7 /* libluad.dylib in Copy Dylibs */,
			);
			name = "Copy Dylibs";
			runOnlyForDeploymentPostprocessing = 0;
		};
/* End PBXCopyFilesBuildPhase section */

/* Begin PBXFileReference section */
		2C156CAC1EE7961C000C52D4 /* NuoBoardMesh.h */ = {isa = PBXFileReference; fileEncoding = 4; lastKnownFileType = sourcecode.c.h; path = NuoBoardMesh.h; sourceTree = "<group>"; };
		2C156CAD1EE7961C000C52D4 /* NuoBoardMesh.m */ = {isa = PBXFileReference; fileEncoding = 4; lastKnownFileType = sourcecode.c.objc; path = NuoBoardMesh.m; sourceTree = "<group>"; };
		2C156CB91EE845A8000C52D4 /* NuoBoardMesh.mm */ = {isa = PBXFileReference; fileEncoding = 4; lastKnownFileType = sourcecode.cpp.objcpp; path = NuoBoardMesh.mm; sourceTree = "<group>"; };
		2C156CCE1EE9B357000C52D4 /* NuoSheetPanel.h */ = {isa = PBXFileReference; fileEncoding = 4; lastKnownFileType = sourcecode.c.h; path = NuoSheetPanel.h; sourceTree = "<group>"; };
		2C156CCF1EE9B357000C52D4 /* NuoSheetPanel.m */ = {isa = PBXFileReference; fileEncoding = 4; lastKnownFileType = sourcecode.c.objc; path = NuoSheetPanel.m; sourceTree = "<group>"; };
		2C1B28061D95FF17009F5912 /* NuoTextureBase.m */ = {isa = PBXFileReference; fileEncoding = 4; lastKnownFileType = sourcecode.c.objc; path = NuoTextureBase.m; sourceTree = "<group>"; };
		2C1B28071D95FF17009F5912 /* NuoTextureBase.h */ = {isa = PBXFileReference; fileEncoding = 4; lastKnownFileType = sourcecode.c.h; path = NuoTextureBase.h; sourceTree = "<group>"; };
		2C235FC71DD6CBD700E68295 /* Shaders.metal */ = {isa = PBXFileReference; fileEncoding = 4; lastKnownFileType = sourcecode.metal; path = Shaders.metal; sourceTree = "<group>"; };
		2C235FC81DD6CBD700E68295 /* ShadersCommon.h */ = {isa = PBXFileReference; fileEncoding = 4; lastKnownFileType = sourcecode.c.h; path = ShadersCommon.h; sourceTree = "<group>"; };
		2C235FC91DD6CBD700E68295 /* ShadersMaterialed.metal */ = {isa = PBXFileReference; fileEncoding = 4; lastKnownFileType = sourcecode.metal; path = ShadersMaterialed.metal; sourceTree = "<group>"; };
		2C235FCA1DD6CBD700E68295 /* ShadersTextured.metal */ = {isa = PBXFileReference; fileEncoding = 4; lastKnownFileType = sourcecode.metal; path = ShadersTextured.metal; sourceTree = "<group>"; };
		2C235FCB1DD6CBD700E68295 /* ShadersTexturedMaterialed.metal */ = {isa = PBXFileReference; fileEncoding = 4; lastKnownFileType = sourcecode.metal; path = ShadersTexturedMaterialed.metal; sourceTree = "<group>"; };
		2C235FCC1DD6CBD700E68295 /* ShadersTextureImage.metal */ = {isa = PBXFileReference; fileEncoding = 4; lastKnownFileType = sourcecode.metal; path = ShadersTextureImage.metal; sourceTree = "<group>"; };
		2C2873051E3E77790098092C /* ModelComponentPanels.h */ = {isa = PBXFileReference; fileEncoding = 4; lastKnownFileType = sourcecode.c.h; path = ModelComponentPanels.h; sourceTree = "<group>"; };
		2C2873061E3E77790098092C /* ModelComponentPanels.m */ = {isa = PBXFileReference; fileEncoding = 4; lastKnownFileType = sourcecode.c.objc; path = ModelComponentPanels.m; sourceTree = "<group>"; };
		2C28730E1E3ED5A40098092C /* ModelPartPropPanel.h */ = {isa = PBXFileReference; fileEncoding = 4; lastKnownFileType = sourcecode.c.h; path = ModelPartPropPanel.h; sourceTree = "<group>"; };
		2C28730F1E3ED5A40098092C /* ModelPartPropPanel.m */ = {isa = PBXFileReference; fileEncoding = 4; lastKnownFileType = sourcecode.c.objc; path = ModelPartPropPanel.m; sourceTree = "<group>"; };
		2C2873151E3F07120098092C /* ModelPanelUpdate.h */ = {isa = PBXFileReference; lastKnownFileType = sourcecode.c.h; path = ModelPanelUpdate.h; sourceTree = "<group>"; };
		2C2A58AE1DD1457200E9F9BC /* NuoRenderPassTarget.h */ = {isa = PBXFileReference; fileEncoding = 4; lastKnownFileType = sourcecode.c.h; path = NuoRenderPassTarget.h; sourceTree = "<group>"; };
		2C2A58AF1DD1457200E9F9BC /* NuoRenderPassTarget.m */ = {isa = PBXFileReference; fileEncoding = 4; lastKnownFileType = sourcecode.c.objc; path = NuoRenderPassTarget.m; sourceTree = "<group>"; };
		2C2F45761F9B9C6800B05607 /* NuoBackdropMesh.h */ = {isa = PBXFileReference; lastKnownFileType = sourcecode.c.h; path = NuoBackdropMesh.h; sourceTree = "<group>"; };
		2C2F45771F9B9C6800B05607 /* NuoBackdropMesh.m */ = {isa = PBXFileReference; lastKnownFileType = sourcecode.c.objc; path = NuoBackdropMesh.m; sourceTree = "<group>"; };
		2C2ACEBE1FA1B1AE0055D52D /* FrameRateView.h */ = {isa = PBXFileReference; lastKnownFileType = sourcecode.c.h; path = FrameRateView.h; sourceTree = "<group>"; };
		2C2ACEBF1FA1B1AE0055D52D /* FrameRateView.m */ = {isa = PBXFileReference; lastKnownFileType = sourcecode.c.objc; path = FrameRateView.m; sourceTree = "<group>"; };
		2C3D9A9A1D7DF5C3002C1226 /* NuoModelTextured.cpp */ = {isa = PBXFileReference; fileEncoding = 4; lastKnownFileType = sourcecode.cpp.cpp; path = NuoModelTextured.cpp; sourceTree = "<group>"; };
		2C3D9A9B1D7DF5C3002C1226 /* NuoModelTextured.h */ = {isa = PBXFileReference; fileEncoding = 4; lastKnownFileType = sourcecode.c.h; path = NuoModelTextured.h; sourceTree = "<group>"; };
		2C3D9A9F1D7E344F002C1226 /* NuoTypes.cpp */ = {isa = PBXFileReference; fileEncoding = 4; lastKnownFileType = sourcecode.cpp.cpp; path = NuoTypes.cpp; sourceTree = "<group>"; };
		2C3D9AA01D7E344F002C1226 /* NuoTypes.h */ = {isa = PBXFileReference; fileEncoding = 4; lastKnownFileType = sourcecode.c.h; path = NuoTypes.h; sourceTree = "<group>"; };
		2C4042BC1E065B2700AAC06E /* NuoLua.h */ = {isa = PBXFileReference; fileEncoding = 4; lastKnownFileType = sourcecode.c.h; path = NuoLua.h; sourceTree = "<group>"; };
		2C4042BD1E065B2700AAC06E /* NuoLua.m */ = {isa = PBXFileReference; fileEncoding = 4; lastKnownFileType = sourcecode.c.objc; path = NuoLua.m; sourceTree = "<group>"; };
		2C44344E1E1EAAF800C861AF /* LightOperationPanel.h */ = {isa = PBXFileReference; fileEncoding = 4; lastKnownFileType = sourcecode.c.h; path = LightOperationPanel.h; sourceTree = "<group>"; };
		2C44344F1E1EAAF800C861AF /* LightOperationPanel.m */ = {isa = PBXFileReference; fileEncoding = 4; lastKnownFileType = sourcecode.c.objc; path = LightOperationPanel.m; sourceTree = "<group>"; };
		2C4434551E1EF50B00C861AF /* ModelOptionUpdate.h */ = {isa = PBXFileReference; lastKnownFileType = sourcecode.c.h; path = ModelOptionUpdate.h; sourceTree = "<group>"; };
		2C4B60401D8AD32100A12968 /* ModelOperationPanel.h */ = {isa = PBXFileReference; fileEncoding = 4; lastKnownFileType = sourcecode.c.h; path = ModelOperationPanel.h; sourceTree = "<group>"; };
		2C4B60411D8AD32100A12968 /* ModelOperationPanel.m */ = {isa = PBXFileReference; fileEncoding = 4; lastKnownFileType = sourcecode.c.objc; path = ModelOperationPanel.m; sourceTree = "<group>"; };
		2C4DE7741DFB55E100199F1D /* lua.xcodeproj */ = {isa = PBXFileReference; lastKnownFileType = "wrapper.pb-project"; name = lua.xcodeproj; path = Lua/project/lua.xcodeproj; sourceTree = "<group>"; };
		2C52F12C1DCC03380034ACDC /* NuoTextureMesh.h */ = {isa = PBXFileReference; fileEncoding = 4; lastKnownFileType = sourcecode.c.h; path = NuoTextureMesh.h; sourceTree = "<group>"; };
		2C52F12D1DCC03380034ACDC /* NuoTextureMesh.mm */ = {isa = PBXFileReference; fileEncoding = 4; lastKnownFileType = sourcecode.cpp.objcpp; path = NuoTextureMesh.mm; sourceTree = "<group>"; };
		2C5A58351ECEB7CA00121A82 /* NuoMeshCompound.h */ = {isa = PBXFileReference; fileEncoding = 4; lastKnownFileType = sourcecode.c.h; path = NuoMeshCompound.h; sourceTree = "<group>"; };
		2C5A58361ECEB7CA00121A82 /* NuoMeshCompound.m */ = {isa = PBXFileReference; fileEncoding = 4; lastKnownFileType = sourcecode.c.objc; path = NuoMeshCompound.m; sourceTree = "<group>"; };
		2C5A584E1ED3F2FD00121A82 /* NuoModelBoard.cpp */ = {isa = PBXFileReference; fileEncoding = 4; lastKnownFileType = sourcecode.cpp.cpp; path = NuoModelBoard.cpp; sourceTree = "<group>"; };
		2C5A584F1ED3F2FD00121A82 /* NuoModelBoard.h */ = {isa = PBXFileReference; fileEncoding = 4; lastKnownFileType = sourcecode.c.h; path = NuoModelBoard.h; sourceTree = "<group>"; };
		2C5B92B31D7157A600722936 /* Base */ = {isa = PBXFileReference; lastKnownFileType = file.xib; name = Base; path = Base.lproj/MainMenu.xib; sourceTree = "<group>"; };
		2C5B92B51D7157EA00722936 /* ModelView.h */ = {isa = PBXFileReference; fileEncoding = 4; lastKnownFileType = sourcecode.c.h; path = ModelView.h; sourceTree = "<group>"; };
		2C5B92B61D7157EA00722936 /* ModelView.m */ = {isa = PBXFileReference; fileEncoding = 4; lastKnownFileType = sourcecode.c.objc; path = ModelView.m; sourceTree = "<group>"; };
		2C5B92BB1D7160EC00722936 /* NuoModelLoader.h */ = {isa = PBXFileReference; fileEncoding = 4; lastKnownFileType = sourcecode.c.h; path = NuoModelLoader.h; sourceTree = "<group>"; };
		2C5B92BC1D7160EC00722936 /* NuoModelLoader.mm */ = {isa = PBXFileReference; fileEncoding = 4; lastKnownFileType = sourcecode.cpp.objcpp; path = NuoModelLoader.mm; sourceTree = "<group>"; };
		2C5B92BE1D72D11E00722936 /* NuoModelBase.cpp */ = {isa = PBXFileReference; fileEncoding = 4; lastKnownFileType = sourcecode.cpp.cpp; path = NuoModelBase.cpp; sourceTree = "<group>"; };
		2C5B92BF1D72D11E00722936 /* NuoModelBase.h */ = {isa = PBXFileReference; fileEncoding = 4; lastKnownFileType = sourcecode.c.h; path = NuoModelBase.h; sourceTree = "<group>"; };
		2C5B92C11D73F51E00722936 /* NuoMaterial.cpp */ = {isa = PBXFileReference; fileEncoding = 4; lastKnownFileType = sourcecode.cpp.cpp; path = NuoMaterial.cpp; sourceTree = "<group>"; };
		2C5B92C21D73F51E00722936 /* NuoMaterial.h */ = {isa = PBXFileReference; fileEncoding = 4; lastKnownFileType = sourcecode.c.h; path = NuoMaterial.h; sourceTree = "<group>"; };
		2C5DDAC91D6590DB00A9DC9A /* NuoMesh.h */ = {isa = PBXFileReference; fileEncoding = 4; lastKnownFileType = sourcecode.c.h; path = NuoMesh.h; sourceTree = "<group>"; };
		2C5DDACA1D6590DB00A9DC9A /* NuoMesh.mm */ = {isa = PBXFileReference; fileEncoding = 4; lastKnownFileType = sourcecode.cpp.objcpp; path = NuoMesh.mm; sourceTree = "<group>"; };
		2C5DDAD41D6591B000A9DC9A /* NuoMathUtilities.cpp */ = {isa = PBXFileReference; fileEncoding = 4; lastKnownFileType = sourcecode.cpp.cpp; path = NuoMathUtilities.cpp; sourceTree = "<group>"; };
		2C5DDAD51D6591B000A9DC9A /* NuoMathUtilities.h */ = {isa = PBXFileReference; fileEncoding = 4; lastKnownFileType = sourcecode.c.h; path = NuoMathUtilities.h; sourceTree = "<group>"; };
		2C5DDAD81D65949E00A9DC9A /* ModelViewerRenderer.h */ = {isa = PBXFileReference; fileEncoding = 4; lastKnownFileType = sourcecode.c.h; path = ModelViewerRenderer.h; sourceTree = "<group>"; };
		2C5DDAD91D65949E00A9DC9A /* ModelViewerRenderer.mm */ = {isa = PBXFileReference; fileEncoding = 4; lastKnownFileType = sourcecode.cpp.objcpp; path = ModelViewerRenderer.mm; sourceTree = "<group>"; };
		2C6A8E591F7FE8BB0007551F /* ShadersDeferred.metal */ = {isa = PBXFileReference; lastKnownFileType = sourcecode.metal; path = ShadersDeferred.metal; sourceTree = "<group>"; };
		2C6A8E6E1F80BBA70007551F /* NuoScreenSpaceMesh.h */ = {isa = PBXFileReference; lastKnownFileType = sourcecode.c.h; path = NuoScreenSpaceMesh.h; sourceTree = "<group>"; };
		2C6A8E6F1F80BBA70007551F /* NuoScreenSpaceMesh.m */ = {isa = PBXFileReference; lastKnownFileType = sourcecode.c.objc; path = NuoScreenSpaceMesh.m; sourceTree = "<group>"; };
		2C6A8E791F8134440007551F /* NuoDeferredRenderer.h */ = {isa = PBXFileReference; lastKnownFileType = sourcecode.c.h; path = NuoDeferredRenderer.h; sourceTree = "<group>"; };
		2C6A8E7A1F8134440007551F /* NuoDeferredRenderer.m */ = {isa = PBXFileReference; lastKnownFileType = sourcecode.c.objc; path = NuoDeferredRenderer.m; sourceTree = "<group>"; };
		2C6C7CDF1E45AB1200CEC76D /* NuoMatrixTypes.h */ = {isa = PBXFileReference; lastKnownFileType = sourcecode.c.h; path = NuoMatrixTypes.h; sourceTree = "<group>"; };
		2C723A971E42D05700484992 /* ModelPartDimensionPanel.h */ = {isa = PBXFileReference; fileEncoding = 4; lastKnownFileType = sourcecode.c.h; path = ModelPartDimensionPanel.h; sourceTree = "<group>"; };
		2C723A981E42D05700484992 /* ModelPartDimensionPanel.m */ = {isa = PBXFileReference; fileEncoding = 4; lastKnownFileType = sourcecode.c.objc; path = ModelPartDimensionPanel.m; sourceTree = "<group>"; };
		2C723AA21E43973200484992 /* NuoMeshUniform.h */ = {isa = PBXFileReference; lastKnownFileType = sourcecode.c.h; path = NuoMeshUniform.h; sourceTree = "<group>"; };
		2C723AA71E43A83600484992 /* NuoMeshRotation.h */ = {isa = PBXFileReference; fileEncoding = 4; lastKnownFileType = sourcecode.c.h; path = NuoMeshRotation.h; sourceTree = "<group>"; };
		2C723AA81E43A83600484992 /* NuoMeshRotation.m */ = {isa = PBXFileReference; fileEncoding = 4; lastKnownFileType = sourcecode.c.objc; path = NuoMeshRotation.m; sourceTree = "<group>"; };
		2C723AAF1E44355300484992 /* ModelPartsAnimations.xib */ = {isa = PBXFileReference; fileEncoding = 4; lastKnownFileType = file.xib; path = ModelPartsAnimations.xib; sourceTree = "<group>"; };
		2C82E1071F874B2500D2C85C /* ModelOperationAmbientPopover.h */ = {isa = PBXFileReference; lastKnownFileType = sourcecode.c.h; path = ModelOperationAmbientPopover.h; sourceTree = "<group>"; };
		2C82E1081F874B2500D2C85C /* ModelOperationAmbientPopover.m */ = {isa = PBXFileReference; lastKnownFileType = sourcecode.c.objc; path = ModelOperationAmbientPopover.m; sourceTree = "<group>"; };
		2C840D0C1D7001C2000D2956 /* NuoMetalView.h */ = {isa = PBXFileReference; fileEncoding = 4; lastKnownFileType = sourcecode.c.h; path = NuoMetalView.h; sourceTree = "<group>"; };
		2C840D0D1D7001C2000D2956 /* NuoMetalView.m */ = {isa = PBXFileReference; fileEncoding = 4; lastKnownFileType = sourcecode.c.objc; path = NuoMetalView.m; sourceTree = "<group>"; };
		2C8974911D8BBAEF00460648 /* NuoMeshOptions.h */ = {isa = PBXFileReference; fileEncoding = 4; lastKnownFileType = sourcecode.c.h; path = NuoMeshOptions.h; sourceTree = "<group>"; };
		2C8974921D8BBAEF00460648 /* NuoMeshOptions.m */ = {isa = PBXFileReference; fileEncoding = 4; lastKnownFileType = sourcecode.c.objc; path = NuoMeshOptions.m; sourceTree = "<group>"; };
		2C8B80EB1E2D6654001746FE /* NuoShadowMapTarget.m */ = {isa = PBXFileReference; fileEncoding = 4; lastKnownFileType = sourcecode.c.objc; path = NuoShadowMapTarget.m; sourceTree = "<group>"; };
		2C8B80EC1E2D6654001746FE /* NuoShadowMapTarget.h */ = {isa = PBXFileReference; fileEncoding = 4; lastKnownFileType = sourcecode.c.h; path = NuoShadowMapTarget.h; sourceTree = "<group>"; };
		2C8B80FB1E2EDB01001746FE /* NuoRenderPipelinePass.h */ = {isa = PBXFileReference; fileEncoding = 4; lastKnownFileType = sourcecode.c.h; path = NuoRenderPipelinePass.h; sourceTree = "<group>"; };
		2C8B80FC1E2EDB01001746FE /* NuoRenderPipelinePass.m */ = {isa = PBXFileReference; fileEncoding = 4; lastKnownFileType = sourcecode.c.objc; path = NuoRenderPipelinePass.m; sourceTree = "<group>"; };
		2C9777491F7E07B80031F188 /* NuoScreenSpaceTarget.h */ = {isa = PBXFileReference; lastKnownFileType = sourcecode.c.h; path = NuoScreenSpaceTarget.h; sourceTree = "<group>"; };
		2C97774A1F7E07B80031F188 /* NuoScreenSpaceTarget.m */ = {isa = PBXFileReference; lastKnownFileType = sourcecode.c.objc; path = NuoScreenSpaceTarget.m; sourceTree = "<group>"; };
		2C9777501F7E1AB60031F188 /* NuoScreenSpaceRenderer.h */ = {isa = PBXFileReference; lastKnownFileType = sourcecode.c.h; path = NuoScreenSpaceRenderer.h; sourceTree = "<group>"; };
		2C9777511F7E1AB60031F188 /* NuoScreenSpaceRenderer.m */ = {isa = PBXFileReference; lastKnownFileType = sourcecode.c.objc; path = NuoScreenSpaceRenderer.m; sourceTree = "<group>"; };
		2C9777581F7EC8B60031F188 /* NuoMeshSceneRenderPass.h */ = {isa = PBXFileReference; lastKnownFileType = sourcecode.c.h; path = NuoMeshSceneRenderPass.h; sourceTree = "<group>"; };
		2C9777591F7EC8B60031F188 /* NuoMeshSceneRenderPass.m */ = {isa = PBXFileReference; lastKnownFileType = sourcecode.c.objc; path = NuoMeshSceneRenderPass.m; sourceTree = "<group>"; };
		2C9990891F5F350300AEF181 /* ModelDissectRenderer.h */ = {isa = PBXFileReference; lastKnownFileType = sourcecode.c.h; path = ModelDissectRenderer.h; sourceTree = "<group>"; };
		2C99908E1F5F350300AEF181 /* ModelDissectRenderer.mm */ = {isa = PBXFileReference; lastKnownFileType = sourcecode.cpp.objcpp; path = ModelDissectRenderer.mm; sourceTree = "<group>"; };
		2C9D9AA51D658F0800283E46 /* ModelViewer.app */ = {isa = PBXFileReference; explicitFileType = wrapper.application; includeInIndex = 0; path = ModelViewer.app; sourceTree = BUILT_PRODUCTS_DIR; };
		2C9D9AA81D658F0800283E46 /* AppDelegate.h */ = {isa = PBXFileReference; lastKnownFileType = sourcecode.c.h; path = AppDelegate.h; sourceTree = "<group>"; };
		2C9D9AA91D658F0800283E46 /* AppDelegate.m */ = {isa = PBXFileReference; lastKnownFileType = sourcecode.c.objc; path = AppDelegate.m; sourceTree = "<group>"; };
		2C9D9AAC1D658F0800283E46 /* main.m */ = {isa = PBXFileReference; lastKnownFileType = sourcecode.c.objc; path = main.m; sourceTree = "<group>"; };
		2C9D9AAE1D658F0800283E46 /* Assets.xcassets */ = {isa = PBXFileReference; lastKnownFileType = folder.assetcatalog; path = Assets.xcassets; sourceTree = "<group>"; };
		2C9D9AB31D658F0800283E46 /* Info.plist */ = {isa = PBXFileReference; lastKnownFileType = text.plist.xml; path = Info.plist; sourceTree = "<group>"; };
		2C9E39791DF7D8BC00286EA0 /* NuoTableExporter.cpp */ = {isa = PBXFileReference; fileEncoding = 4; lastKnownFileType = sourcecode.cpp.cpp; path = NuoTableExporter.cpp; sourceTree = "<group>"; };
		2C9E397A1DF7D8BC00286EA0 /* NuoTableExporter.h */ = {isa = PBXFileReference; fileEncoding = 4; lastKnownFileType = sourcecode.c.h; path = NuoTableExporter.h; sourceTree = "<group>"; };
		2CA55FA71DD21D2A0000AD21 /* NuoRenderPass.h */ = {isa = PBXFileReference; fileEncoding = 4; lastKnownFileType = sourcecode.c.h; path = NuoRenderPass.h; sourceTree = "<group>"; };
		2CA55FA81DD21D2A0000AD21 /* NuoRenderPass.m */ = {isa = PBXFileReference; fileEncoding = 4; lastKnownFileType = sourcecode.c.objc; path = NuoRenderPass.m; sourceTree = "<group>"; };
		2CAF2E831D691AC90074E402 /* tiny_obj_loader.cc */ = {isa = PBXFileReference; fileEncoding = 4; lastKnownFileType = sourcecode.cpp.cpp; path = tiny_obj_loader.cc; sourceTree = "<group>"; };
		2CAF2E841D691AC90074E402 /* tiny_obj_loader.h */ = {isa = PBXFileReference; fileEncoding = 4; lastKnownFileType = sourcecode.c.h; path = tiny_obj_loader.h; sourceTree = "<group>"; };
		2CC5EDEC1D8A62B100419168 /* NuoRoundedView.h */ = {isa = PBXFileReference; fileEncoding = 4; lastKnownFileType = sourcecode.c.h; path = NuoRoundedView.h; sourceTree = "<group>"; };
		2CC5EDED1D8A62B100419168 /* NuoRoundedView.m */ = {isa = PBXFileReference; fileEncoding = 4; lastKnownFileType = sourcecode.c.objc; path = NuoRoundedView.m; sourceTree = "<group>"; };
		2CCF9C751E5B4F77006EF8C4 /* NuoOffscreenView.h */ = {isa = PBXFileReference; fileEncoding = 4; lastKnownFileType = sourcecode.c.h; path = NuoOffscreenView.h; sourceTree = "<group>"; };
		2CCF9C761E5B4F77006EF8C4 /* NuoOffscreenView.m */ = {isa = PBXFileReference; fileEncoding = 4; lastKnownFileType = sourcecode.c.objc; path = NuoOffscreenView.m; sourceTree = "<group>"; };
		2CCF9C7E1E5B7A43006EF8C4 /* NuoRenderPipeline.h */ = {isa = PBXFileReference; fileEncoding = 4; lastKnownFileType = sourcecode.c.h; path = NuoRenderPipeline.h; sourceTree = "<group>"; };
		2CCF9C7F1E5B7A43006EF8C4 /* NuoRenderPipeline.m */ = {isa = PBXFileReference; fileEncoding = 4; lastKnownFileType = sourcecode.c.objc; path = NuoRenderPipeline.m; sourceTree = "<group>"; };
		2CDCDAF11DC185A800ECFE39 /* NuoModelArrow.cpp */ = {isa = PBXFileReference; fileEncoding = 4; lastKnownFileType = sourcecode.cpp.cpp; path = NuoModelArrow.cpp; sourceTree = "<group>"; };
		2CDCDAF21DC185A800ECFE39 /* NuoModelArrow.h */ = {isa = PBXFileReference; fileEncoding = 4; lastKnownFileType = sourcecode.c.h; path = NuoModelArrow.h; sourceTree = "<group>"; };
		2CDFB21C1DD99E2100C67FA3 /* NotationLight.h */ = {isa = PBXFileReference; fileEncoding = 4; lastKnownFileType = sourcecode.c.h; path = NotationLight.h; sourceTree = "<group>"; };
		2CDFB21D1DD99E2100C67FA3 /* NotationLight.mm */ = {isa = PBXFileReference; fileEncoding = 4; lastKnownFileType = sourcecode.cpp.objcpp; path = NotationLight.mm; sourceTree = "<group>"; };
		2CE2CA201D804EC5005509EE /* NuoMeshTextured.h */ = {isa = PBXFileReference; fileEncoding = 4; lastKnownFileType = sourcecode.c.h; path = NuoMeshTextured.h; sourceTree = "<group>"; };
		2CE2CA211D804EC5005509EE /* NuoMeshTextured.mm */ = {isa = PBXFileReference; fileEncoding = 4; lastKnownFileType = sourcecode.cpp.objcpp; path = NuoMeshTextured.mm; sourceTree = "<group>"; };
		2CE2D7F31E2042F3000CCD2D /* NuoUniforms.h */ = {isa = PBXFileReference; lastKnownFileType = sourcecode.c.h; path = NuoUniforms.h; sourceTree = "<group>"; };
		2CE2D7FD1E2167F2000CCD2D /* ModelPartsPanel.h */ = {isa = PBXFileReference; fileEncoding = 4; lastKnownFileType = sourcecode.c.h; path = ModelPartsPanel.h; sourceTree = "<group>"; };
		2CE2D7FE1E2167F2000CCD2D /* ModelPartsPanel.m */ = {isa = PBXFileReference; fileEncoding = 4; lastKnownFileType = sourcecode.c.objc; path = ModelPartsPanel.m; sourceTree = "<group>"; };
		2CE2D80A1E254790000CCD2D /* ModelPartsTableView.xib */ = {isa = PBXFileReference; fileEncoding = 4; lastKnownFileType = file.xib; path = ModelPartsTableView.xib; sourceTree = "<group>"; };
		2CEE8CF51F71BC3F00C4D4F6 /* LightShadowPopoverController.h */ = {isa = PBXFileReference; lastKnownFileType = sourcecode.c.h; path = LightShadowPopoverController.h; sourceTree = "<group>"; };
		2CEE8CF61F71BC3F00C4D4F6 /* LightShadowPopoverController.m */ = {isa = PBXFileReference; lastKnownFileType = sourcecode.c.objc; path = LightShadowPopoverController.m; sourceTree = "<group>"; };
		2CF62A451EE9B4E7003E23EF /* BoardSettingsPanel.h */ = {isa = PBXFileReference; fileEncoding = 4; lastKnownFileType = sourcecode.c.h; path = BoardSettingsPanel.h; sourceTree = "<group>"; };
		2CF62A461EE9B4E7003E23EF /* BoardSettingsPanel.m */ = {isa = PBXFileReference; fileEncoding = 4; lastKnownFileType = sourcecode.c.objc; path = BoardSettingsPanel.m; sourceTree = "<group>"; };
		2CF62A671EEF5E11003E23EF /* NuoLightSource.h */ = {isa = PBXFileReference; fileEncoding = 4; lastKnownFileType = sourcecode.c.h; path = NuoLightSource.h; sourceTree = "<group>"; };
		2CF62A681EEF5E11003E23EF /* NuoLightSource.m */ = {isa = PBXFileReference; fileEncoding = 4; lastKnownFileType = sourcecode.c.objc; path = NuoLightSource.m; sourceTree = "<group>"; };
		2CF62A701EEF7CD0003E23EF /* NuoShadowMapRenderer.h */ = {isa = PBXFileReference; fileEncoding = 4; lastKnownFileType = sourcecode.c.h; path = NuoShadowMapRenderer.h; sourceTree = "<group>"; };
		2CF62A711EEF7CD0003E23EF /* NuoShadowMapRenderer.m */ = {isa = PBXFileReference; fileEncoding = 4; lastKnownFileType = sourcecode.c.objc; path = NuoShadowMapRenderer.m; sourceTree = "<group>"; };
		983C2E181F86D60200D8E689 /* ModelOperationTexturePopover.h */ = {isa = PBXFileReference; lastKnownFileType = sourcecode.c.h; path = ModelOperationTexturePopover.h; sourceTree = "<group>"; };
		983C2E191F86D60200D8E689 /* ModelOperationTexturePopover.m */ = {isa = PBXFileReference; lastKnownFileType = sourcecode.c.objc; path = ModelOperationTexturePopover.m; sourceTree = "<group>"; };
		987469FD1F8565F900DD058F /* NuoPopoverSheet.h */ = {isa = PBXFileReference; lastKnownFileType = sourcecode.c.h; path = NuoPopoverSheet.h; sourceTree = "<group>"; };
		987469FE1F8565F900DD058F /* NuoPopoverSheet.m */ = {isa = PBXFileReference; lastKnownFileType = sourcecode.c.objc; path = NuoPopoverSheet.m; sourceTree = "<group>"; };
		988442441D80853700EE2C4C /* NuoModelMaterialedBasic.cpp */ = {isa = PBXFileReference; fileEncoding = 4; lastKnownFileType = sourcecode.cpp.cpp; path = NuoModelMaterialedBasic.cpp; sourceTree = "<group>"; };
		988442451D80853700EE2C4C /* NuoModelMaterialedBasic.h */ = {isa = PBXFileReference; fileEncoding = 4; lastKnownFileType = sourcecode.c.h; path = NuoModelMaterialedBasic.h; sourceTree = "<group>"; };
		988442491D80B07500EE2C4C /* NuoMeshTexMatieraled.h */ = {isa = PBXFileReference; fileEncoding = 4; lastKnownFileType = sourcecode.c.h; path = NuoMeshTexMatieraled.h; sourceTree = "<group>"; };
		9884424A1D80B07500EE2C4C /* NuoMeshTexMatieraled.mm */ = {isa = PBXFileReference; fileEncoding = 4; lastKnownFileType = sourcecode.cpp.objcpp; path = NuoMeshTexMatieraled.mm; sourceTree = "<group>"; };
		988B676B1E43F2BD00EA1453 /* NuoMeshAnimation.h */ = {isa = PBXFileReference; fileEncoding = 4; lastKnownFileType = sourcecode.c.h; path = NuoMeshAnimation.h; sourceTree = "<group>"; };
		988B676C1E43F2BD00EA1453 /* NuoMeshAnimation.m */ = {isa = PBXFileReference; fileEncoding = 4; lastKnownFileType = sourcecode.c.objc; path = NuoMeshAnimation.m; sourceTree = "<group>"; };
		98CA11B61DD2B00900440C53 /* NotationRenderer.h */ = {isa = PBXFileReference; fileEncoding = 4; lastKnownFileType = sourcecode.c.h; path = NotationRenderer.h; sourceTree = "<group>"; };
		98CA11B71DD2B00900440C53 /* NotationRenderer.m */ = {isa = PBXFileReference; fileEncoding = 4; lastKnownFileType = sourcecode.c.objc; path = NotationRenderer.m; sourceTree = "<group>"; };
		98CD06B91DE4CC2800881F5F /* ShadersTexturedMaterialedBump.metal */ = {isa = PBXFileReference; fileEncoding = 4; lastKnownFileType = sourcecode.metal; path = ShadersTexturedMaterialedBump.metal; sourceTree = "<group>"; };
		98E05A5E1E6A17A600D4068F /* NuoCubeMesh.h */ = {isa = PBXFileReference; fileEncoding = 4; lastKnownFileType = sourcecode.c.h; path = NuoCubeMesh.h; sourceTree = "<group>"; };
		98E05A5F1E6A17A600D4068F /* NuoCubeMesh.m */ = {isa = PBXFileReference; fileEncoding = 4; lastKnownFileType = sourcecode.c.objc; path = NuoCubeMesh.m; sourceTree = "<group>"; };
		98E05A611E6A188F00D4068F /* ShadersCube.metal */ = {isa = PBXFileReference; fileEncoding = 4; lastKnownFileType = sourcecode.metal; path = ShadersCube.metal; sourceTree = "<group>"; };
/* End PBXFileReference section */

/* Begin PBXFrameworksBuildPhase section */
		2C9D9AA21D658F0800283E46 /* Frameworks */ = {
			isa = PBXFrameworksBuildPhase;
			buildActionMask = 2147483647;
			files = (
				2C4DE7881DFB565900199F1D /* libluad.dylib in Frameworks */,
			);
			runOnlyForDeploymentPostprocessing = 0;
		};
/* End PBXFrameworksBuildPhase section */

/* Begin PBXGroup section */
		2C26D1D71F99234A006F0DE9 /* ModelMeshes */ = {
			isa = PBXGroup;
			children = (
				2CE2CA201D804EC5005509EE /* NuoMeshTextured.h */,
				2CE2CA211D804EC5005509EE /* NuoMeshTextured.mm */,
				988442491D80B07500EE2C4C /* NuoMeshTexMatieraled.h */,
				9884424A1D80B07500EE2C4C /* NuoMeshTexMatieraled.mm */,
			);
			path = ModelMeshes;
			sourceTree = "<group>";
		};
		2C26D1DC1F99238F006F0DE9 /* AuxiliaryMeshes */ = {
			isa = PBXGroup;
			children = (
				2C6A8E6E1F80BBA70007551F /* NuoScreenSpaceMesh.h */,
				2C6A8E6F1F80BBA70007551F /* NuoScreenSpaceMesh.m */,
				2C52F12C1DCC03380034ACDC /* NuoTextureMesh.h */,
				2C52F12D1DCC03380034ACDC /* NuoTextureMesh.mm */,
				98E05A5E1E6A17A600D4068F /* NuoCubeMesh.h */,
				98E05A5F1E6A17A600D4068F /* NuoCubeMesh.m */,
				2C156CAC1EE7961C000C52D4 /* NuoBoardMesh.h */,
				2C156CAD1EE7961C000C52D4 /* NuoBoardMesh.m */,
				2C156CB91EE845A8000C52D4 /* NuoBoardMesh.mm */,
				2C2F45761F9B9C6800B05607 /* NuoBackdropMesh.h */,
				2C2F45771F9B9C6800B05607 /* NuoBackdropMesh.m */,
			);
			path = AuxiliaryMeshes;
			sourceTree = "<group>";
		};
		2C4DE7731DFB558B00199F1D /* Scripting */ = {
			isa = PBXGroup;
			children = (
				2C4DE7741DFB55E100199F1D /* lua.xcodeproj */,
				2C4042BC1E065B2700AAC06E /* NuoLua.h */,
				2C4042BD1E065B2700AAC06E /* NuoLua.m */,
			);
			path = Scripting;
			sourceTree = "<group>";
		};
		2C4DE7751DFB55E100199F1D /* Products */ = {
			isa = PBXGroup;
			children = (
				2C4DE77D1DFB55E100199F1D /* lua */,
				2C4DE77F1DFB55E100199F1D /* luad */,
				2C4DE7811DFB55E100199F1D /* luac */,
				2C4DE7831DFB55E100199F1D /* liblua.a */,
				2C4DE7851DFB55E100199F1D /* libluad.dylib */,
			);
			name = Products;
			sourceTree = "<group>";
		};
		2C5DDAC51D65901400A9DC9A /* Interface */ = {
			isa = PBXGroup;
			children = (
				2C9D9AA81D658F0800283E46 /* AppDelegate.h */,
				2C9D9AA91D658F0800283E46 /* AppDelegate.m */,
				2C5B92B51D7157EA00722936 /* ModelView.h */,
				2C5B92B61D7157EA00722936 /* ModelView.m */,
				2C4434551E1EF50B00C861AF /* ModelOptionUpdate.h */,
				2C4B60401D8AD32100A12968 /* ModelOperationPanel.h */,
				2C4B60411D8AD32100A12968 /* ModelOperationPanel.m */,
				983C2E181F86D60200D8E689 /* ModelOperationTexturePopover.h */,
				983C2E191F86D60200D8E689 /* ModelOperationTexturePopover.m */,
				2C82E1071F874B2500D2C85C /* ModelOperationAmbientPopover.h */,
				2C82E1081F874B2500D2C85C /* ModelOperationAmbientPopover.m */,
				2C723AAF1E44355300484992 /* ModelPartsAnimations.xib */,
				2C44344E1E1EAAF800C861AF /* LightOperationPanel.h */,
				2C44344F1E1EAAF800C861AF /* LightOperationPanel.m */,
				2CEE8CF51F71BC3F00C4D4F6 /* LightShadowPopoverController.h */,
				2CEE8CF61F71BC3F00C4D4F6 /* LightShadowPopoverController.m */,
				2CE2D7FD1E2167F2000CCD2D /* ModelPartsPanel.h */,
				2CE2D7FE1E2167F2000CCD2D /* ModelPartsPanel.m */,
				2CE2D80A1E254790000CCD2D /* ModelPartsTableView.xib */,
				2C2873051E3E77790098092C /* ModelComponentPanels.h */,
				2C2873061E3E77790098092C /* ModelComponentPanels.m */,
				2C28730E1E3ED5A40098092C /* ModelPartPropPanel.h */,
				2C28730F1E3ED5A40098092C /* ModelPartPropPanel.m */,
				2C723A971E42D05700484992 /* ModelPartDimensionPanel.h */,
				2C723A981E42D05700484992 /* ModelPartDimensionPanel.m */,
				2C2873151E3F07120098092C /* ModelPanelUpdate.h */,
				2CF62A451EE9B4E7003E23EF /* BoardSettingsPanel.h */,
				2CF62A461EE9B4E7003E23EF /* BoardSettingsPanel.m */,
				2C2ACEBE1FA1B1AE0055D52D /* FrameRateView.h */,
				2C2ACEBF1FA1B1AE0055D52D /* FrameRateView.m */,
			);
			name = Interface;
			path = UserInterface;
			sourceTree = "<group>";
		};
		2C5DDAC61D6590C200A9DC9A /* Meshes */ = {
			isa = PBXGroup;
			children = (
				2C723AA71E43A83600484992 /* NuoMeshRotation.h */,
				2C723AA81E43A83600484992 /* NuoMeshRotation.m */,
				988B676B1E43F2BD00EA1453 /* NuoMeshAnimation.h */,
				988B676C1E43F2BD00EA1453 /* NuoMeshAnimation.m */,
				2C5DDAC91D6590DB00A9DC9A /* NuoMesh.h */,
				2C5DDACA1D6590DB00A9DC9A /* NuoMesh.mm */,
				2C5A58351ECEB7CA00121A82 /* NuoMeshCompound.h */,
				2C5A58361ECEB7CA00121A82 /* NuoMeshCompound.m */,
				2C26D1D71F99234A006F0DE9 /* ModelMeshes */,
				2C26D1DC1F99238F006F0DE9 /* AuxiliaryMeshes */,
				2C8974911D8BBAEF00460648 /* NuoMeshOptions.h */,
				2C8974921D8BBAEF00460648 /* NuoMeshOptions.m */,
				2C6C7CDF1E45AB1200CEC76D /* NuoMatrixTypes.h */,
				2CE2D7F31E2042F3000CCD2D /* NuoUniforms.h */,
				2C723AA21E43973200484992 /* NuoMeshUniform.h */,
				2C235FC81DD6CBD700E68295 /* ShadersCommon.h */,
				2C235FC71DD6CBD700E68295 /* Shaders.metal */,
				2C235FC91DD6CBD700E68295 /* ShadersMaterialed.metal */,
				2C235FCA1DD6CBD700E68295 /* ShadersTextured.metal */,
				2C235FCB1DD6CBD700E68295 /* ShadersTexturedMaterialed.metal */,
				98CD06B91DE4CC2800881F5F /* ShadersTexturedMaterialedBump.metal */,
				2C235FCC1DD6CBD700E68295 /* ShadersTextureImage.metal */,
				98E05A611E6A188F00D4068F /* ShadersCube.metal */,
				2C6A8E591F7FE8BB0007551F /* ShadersDeferred.metal */,
			);
			path = Meshes;
			sourceTree = "<group>";
		};
		2C5DDACD1D65912900A9DC9A /* Loader */ = {
			isa = PBXGroup;
			children = (
				2CAF2E831D691AC90074E402 /* tiny_obj_loader.cc */,
				2CAF2E841D691AC90074E402 /* tiny_obj_loader.h */,
				2C5B92BB1D7160EC00722936 /* NuoModelLoader.h */,
				2C5B92BC1D7160EC00722936 /* NuoModelLoader.mm */,
				2C5B92BF1D72D11E00722936 /* NuoModelBase.h */,
				2C5B92BE1D72D11E00722936 /* NuoModelBase.cpp */,
				2C3D9A9B1D7DF5C3002C1226 /* NuoModelTextured.h */,
				2C3D9A9A1D7DF5C3002C1226 /* NuoModelTextured.cpp */,
				988442451D80853700EE2C4C /* NuoModelMaterialedBasic.h */,
				988442441D80853700EE2C4C /* NuoModelMaterialedBasic.cpp */,
				2C5B92C21D73F51E00722936 /* NuoMaterial.h */,
				2C5B92C11D73F51E00722936 /* NuoMaterial.cpp */,
				2C3D9AA01D7E344F002C1226 /* NuoTypes.h */,
				2C3D9A9F1D7E344F002C1226 /* NuoTypes.cpp */,
			);
			path = Loader;
			sourceTree = "<group>";
		};
		2C5DDAD71D6591B800A9DC9A /* Utilities */ = {
			isa = PBXGroup;
			children = (
				2C1B28071D95FF17009F5912 /* NuoTextureBase.h */,
				2C1B28061D95FF17009F5912 /* NuoTextureBase.m */,
				2CDCDAF21DC185A800ECFE39 /* NuoModelArrow.h */,
				2CDCDAF11DC185A800ECFE39 /* NuoModelArrow.cpp */,
				2C5A584F1ED3F2FD00121A82 /* NuoModelBoard.h */,
				2C5A584E1ED3F2FD00121A82 /* NuoModelBoard.cpp */,
				2C5DDAD51D6591B000A9DC9A /* NuoMathUtilities.h */,
				2C5DDAD41D6591B000A9DC9A /* NuoMathUtilities.cpp */,
				2C9E397A1DF7D8BC00286EA0 /* NuoTableExporter.h */,
				2C9E39791DF7D8BC00286EA0 /* NuoTableExporter.cpp */,
				2C156CCE1EE9B357000C52D4 /* NuoSheetPanel.h */,
				2C156CCF1EE9B357000C52D4 /* NuoSheetPanel.m */,
				987469FD1F8565F900DD058F /* NuoPopoverSheet.h */,
				987469FE1F8565F900DD058F /* NuoPopoverSheet.m */,
			);
			path = Utilities;
			sourceTree = "<group>";
		};
		2C65E57A1D77F30000FE77C5 /* Renderer */ = {
			isa = PBXGroup;
			children = (
				2C5DDAD81D65949E00A9DC9A /* ModelViewerRenderer.h */,
				2C5DDAD91D65949E00A9DC9A /* ModelViewerRenderer.mm */,
				98CA11B61DD2B00900440C53 /* NotationRenderer.h */,
				98CA11B71DD2B00900440C53 /* NotationRenderer.m */,
				2CDFB21C1DD99E2100C67FA3 /* NotationLight.h */,
				2CDFB21D1DD99E2100C67FA3 /* NotationLight.mm */,
				2C9990891F5F350300AEF181 /* ModelDissectRenderer.h */,
				2C99908E1F5F350300AEF181 /* ModelDissectRenderer.mm */,
			);
			path = Renderer;
			sourceTree = "<group>";
		};
		2C840D0B1D7001A5000D2956 /* ViewerFoundation */ = {
			isa = PBXGroup;
			children = (
				2C2A58AE1DD1457200E9F9BC /* NuoRenderPassTarget.h */,
				2C2A58AF1DD1457200E9F9BC /* NuoRenderPassTarget.m */,
				2CA55FA71DD21D2A0000AD21 /* NuoRenderPass.h */,
				2CA55FA81DD21D2A0000AD21 /* NuoRenderPass.m */,
				2C8B80FB1E2EDB01001746FE /* NuoRenderPipelinePass.h */,
				2C8B80FC1E2EDB01001746FE /* NuoRenderPipelinePass.m */,
				2C9777581F7EC8B60031F188 /* NuoMeshSceneRenderPass.h */,
				2C9777591F7EC8B60031F188 /* NuoMeshSceneRenderPass.m */,
				2CCF9C7E1E5B7A43006EF8C4 /* NuoRenderPipeline.h */,
				2CCF9C7F1E5B7A43006EF8C4 /* NuoRenderPipeline.m */,
				2C840D0C1D7001C2000D2956 /* NuoMetalView.h */,
				2C840D0D1D7001C2000D2956 /* NuoMetalView.m */,
				2CCF9C751E5B4F77006EF8C4 /* NuoOffscreenView.h */,
				2CCF9C761E5B4F77006EF8C4 /* NuoOffscreenView.m */,
				2CC5EDEC1D8A62B100419168 /* NuoRoundedView.h */,
				2CC5EDED1D8A62B100419168 /* NuoRoundedView.m */,
				2C5DDAC61D6590C200A9DC9A /* Meshes */,
				2C8B80E61E2D6636001746FE /* ShadowMap */,
				2C9777441F7E076D0031F188 /* ScreenSpace */,
				2C5DDACD1D65912900A9DC9A /* Loader */,
				2C5DDAD71D6591B800A9DC9A /* Utilities */,
				2C4DE7731DFB558B00199F1D /* Scripting */,
			);
			path = ViewerFoundation;
			sourceTree = "<group>";
		};
		2C8B80E61E2D6636001746FE /* ShadowMap */ = {
			isa = PBXGroup;
			children = (
				2CF62A671EEF5E11003E23EF /* NuoLightSource.h */,
				2CF62A681EEF5E11003E23EF /* NuoLightSource.m */,
				2C8B80EC1E2D6654001746FE /* NuoShadowMapTarget.h */,
				2C8B80EB1E2D6654001746FE /* NuoShadowMapTarget.m */,
				2CF62A701EEF7CD0003E23EF /* NuoShadowMapRenderer.h */,
				2CF62A711EEF7CD0003E23EF /* NuoShadowMapRenderer.m */,
			);
			path = ShadowMap;
			sourceTree = "<group>";
		};
		2C9777441F7E076D0031F188 /* ScreenSpace */ = {
			isa = PBXGroup;
			children = (
				2C9777491F7E07B80031F188 /* NuoScreenSpaceTarget.h */,
				2C97774A1F7E07B80031F188 /* NuoScreenSpaceTarget.m */,
				2C9777501F7E1AB60031F188 /* NuoScreenSpaceRenderer.h */,
				2C9777511F7E1AB60031F188 /* NuoScreenSpaceRenderer.m */,
				2C6A8E791F8134440007551F /* NuoDeferredRenderer.h */,
				2C6A8E7A1F8134440007551F /* NuoDeferredRenderer.m */,
			);
			path = ScreenSpace;
			sourceTree = "<group>";
		};
		2C9D9A9C1D658F0800283E46 = {
			isa = PBXGroup;
			children = (
				2C9D9AA71D658F0800283E46 /* ModelViewer */,
				2C9D9AA61D658F0800283E46 /* Products */,
			);
			sourceTree = "<group>";
		};
		2C9D9AA61D658F0800283E46 /* Products */ = {
			isa = PBXGroup;
			children = (
				2C9D9AA51D658F0800283E46 /* ModelViewer.app */,
			);
			name = Products;
			sourceTree = "<group>";
		};
		2C9D9AA71D658F0800283E46 /* ModelViewer */ = {
			isa = PBXGroup;
			children = (
				2C840D0B1D7001A5000D2956 /* ViewerFoundation */,
				2C5B92B21D7157A600722936 /* MainMenu.xib */,
				2C5DDAC51D65901400A9DC9A /* Interface */,
				2C65E57A1D77F30000FE77C5 /* Renderer */,
				2C9D9AAE1D658F0800283E46 /* Assets.xcassets */,
				2C9D9AB31D658F0800283E46 /* Info.plist */,
				2C9D9AAB1D658F0800283E46 /* Supporting Files */,
			);
			path = ModelViewer;
			sourceTree = "<group>";
		};
		2C9D9AAB1D658F0800283E46 /* Supporting Files */ = {
			isa = PBXGroup;
			children = (
				2C9D9AAC1D658F0800283E46 /* main.m */,
			);
			name = "Supporting Files";
			sourceTree = "<group>";
		};
/* End PBXGroup section */

/* Begin PBXNativeTarget section */
		2C9D9AA41D658F0800283E46 /* ModelViewer */ = {
			isa = PBXNativeTarget;
			buildConfigurationList = 2C9D9AB61D658F0800283E46 /* Build configuration list for PBXNativeTarget "ModelViewer" */;
			buildPhases = (
				2C9D9AA11D658F0800283E46 /* Sources */,
				2C9D9AA21D658F0800283E46 /* Frameworks */,
				2C9D9AA31D658F0800283E46 /* Resources */,
				2CD624981F016B220058CCB7 /* Copy Dylibs */,
			);
			buildRules = (
			);
			dependencies = (
				2C4DE7871DFB565300199F1D /* PBXTargetDependency */,
			);
			name = ModelViewer;
			productName = ModelViewer;
			productReference = 2C9D9AA51D658F0800283E46 /* ModelViewer.app */;
			productType = "com.apple.product-type.application";
		};
/* End PBXNativeTarget section */

/* Begin PBXProject section */
		2C9D9A9D1D658F0800283E46 /* Project object */ = {
			isa = PBXProject;
			attributes = {
				LastUpgradeCheck = 0900;
				ORGANIZATIONNAME = middleware;
				TargetAttributes = {
					2C9D9AA41D658F0800283E46 = {
						CreatedOnToolsVersion = 7.3.1;
					};
				};
			};
			buildConfigurationList = 2C9D9AA01D658F0800283E46 /* Build configuration list for PBXProject "ModelViewer" */;
			compatibilityVersion = "Xcode 3.2";
			developmentRegion = English;
			hasScannedForEncodings = 0;
			knownRegions = (
				en,
				Base,
			);
			mainGroup = 2C9D9A9C1D658F0800283E46;
			productRefGroup = 2C9D9AA61D658F0800283E46 /* Products */;
			projectDirPath = "";
			projectReferences = (
				{
					ProductGroup = 2C4DE7751DFB55E100199F1D /* Products */;
					ProjectRef = 2C4DE7741DFB55E100199F1D /* lua.xcodeproj */;
				},
			);
			projectRoot = "";
			targets = (
				2C9D9AA41D658F0800283E46 /* ModelViewer */,
			);
		};
/* End PBXProject section */

/* Begin PBXReferenceProxy section */
		2C4DE77D1DFB55E100199F1D /* lua */ = {
			isa = PBXReferenceProxy;
			fileType = "compiled.mach-o.executable";
			path = lua;
			remoteRef = 2C4DE77C1DFB55E100199F1D /* PBXContainerItemProxy */;
			sourceTree = BUILT_PRODUCTS_DIR;
		};
		2C4DE77F1DFB55E100199F1D /* luad */ = {
			isa = PBXReferenceProxy;
			fileType = "compiled.mach-o.executable";
			path = luad;
			remoteRef = 2C4DE77E1DFB55E100199F1D /* PBXContainerItemProxy */;
			sourceTree = BUILT_PRODUCTS_DIR;
		};
		2C4DE7811DFB55E100199F1D /* luac */ = {
			isa = PBXReferenceProxy;
			fileType = "compiled.mach-o.executable";
			path = luac;
			remoteRef = 2C4DE7801DFB55E100199F1D /* PBXContainerItemProxy */;
			sourceTree = BUILT_PRODUCTS_DIR;
		};
		2C4DE7831DFB55E100199F1D /* liblua.a */ = {
			isa = PBXReferenceProxy;
			fileType = archive.ar;
			path = liblua.a;
			remoteRef = 2C4DE7821DFB55E100199F1D /* PBXContainerItemProxy */;
			sourceTree = BUILT_PRODUCTS_DIR;
		};
		2C4DE7851DFB55E100199F1D /* libluad.dylib */ = {
			isa = PBXReferenceProxy;
			fileType = "compiled.mach-o.dylib";
			path = libluad.dylib;
			remoteRef = 2C4DE7841DFB55E100199F1D /* PBXContainerItemProxy */;
			sourceTree = BUILT_PRODUCTS_DIR;
		};
/* End PBXReferenceProxy section */

/* Begin PBXResourcesBuildPhase section */
		2C9D9AA31D658F0800283E46 /* Resources */ = {
			isa = PBXResourcesBuildPhase;
			buildActionMask = 2147483647;
			files = (
				2CE2D80B1E254790000CCD2D /* ModelPartsTableView.xib in Resources */,
				2C9D9AAF1D658F0800283E46 /* Assets.xcassets in Resources */,
				2C5B92B41D7157A600722936 /* MainMenu.xib in Resources */,
				2C723AB01E44355300484992 /* ModelPartsAnimations.xib in Resources */,
			);
			runOnlyForDeploymentPostprocessing = 0;
		};
/* End PBXResourcesBuildPhase section */

/* Begin PBXSourcesBuildPhase section */
		2C9D9AA11D658F0800283E46 /* Sources */ = {
			isa = PBXSourcesBuildPhase;
			buildActionMask = 2147483647;
			files = (
				988B676D1E43F2BD00EA1453 /* NuoMeshAnimation.m in Sources */,
				2CE2CA221D804EC5005509EE /* NuoMeshTextured.mm in Sources */,
				2C2873071E3E77790098092C /* ModelComponentPanels.m in Sources */,
				2C1B28081D95FF17009F5912 /* NuoTextureBase.m in Sources */,
				2C9D9AAD1D658F0800283E46 /* main.m in Sources */,
				2C2873101E3ED5A40098092C /* ModelPartPropPanel.m in Sources */,
				2CC5EDEE1D8A62B100419168 /* NuoRoundedView.m in Sources */,
				2C4434501E1EAAF800C861AF /* LightOperationPanel.m in Sources */,
				2C9777521F7E1AB60031F188 /* NuoScreenSpaceRenderer.m in Sources */,
				98E05A621E6A188F00D4068F /* ShadersCube.metal in Sources */,
				2CF62A691EEF5E11003E23EF /* NuoLightSource.m in Sources */,
				2C6A8E701F80BBA70007551F /* NuoScreenSpaceMesh.m in Sources */,
				2C2A58B01DD1457200E9F9BC /* NuoRenderPassTarget.m in Sources */,
				983C2E1A1F86D60200D8E689 /* ModelOperationTexturePopover.m in Sources */,
				2C8B80FD1E2EDB01001746FE /* NuoRenderPipelinePass.m in Sources */,
				98E05A601E6A17A600D4068F /* NuoCubeMesh.m in Sources */,
				2C5B92B71D7157EA00722936 /* ModelView.m in Sources */,
				2C6A8E7B1F8134440007551F /* NuoDeferredRenderer.m in Sources */,
				2CEE8CF71F71BC3F00C4D4F6 /* LightShadowPopoverController.m in Sources */,
				2CA55FA91DD21D2A0000AD21 /* NuoRenderPass.m in Sources */,
				2C4042BE1E065B2700AAC06E /* NuoLua.m in Sources */,
				2CDCDAF31DC185A800ECFE39 /* NuoModelArrow.cpp in Sources */,
				2C235FD01DD6CBD700E68295 /* ShadersTexturedMaterialed.metal in Sources */,
				2C99908F1F5F350400AEF181 /* ModelDissectRenderer.mm in Sources */,
				2C156CBA1EE845A8000C52D4 /* NuoBoardMesh.mm in Sources */,
				2C5B92BD1D7160EC00722936 /* NuoModelLoader.mm in Sources */,
				2C5DDACC1D6590DB00A9DC9A /* NuoMesh.mm in Sources */,
				2C8B80ED1E2D6654001746FE /* NuoShadowMapTarget.m in Sources */,
				2C5A58371ECEB7CA00121A82 /* NuoMeshCompound.m in Sources */,
				98CA11B81DD2B00900440C53 /* NotationRenderer.m in Sources */,
				2C235FCF1DD6CBD700E68295 /* ShadersTextured.metal in Sources */,
				2CCF9C801E5B7A43006EF8C4 /* NuoRenderPipeline.m in Sources */,
				2CDFB21E1DD99E2100C67FA3 /* NotationLight.mm in Sources */,
				2C3D9AA11D7E344F002C1226 /* NuoTypes.cpp in Sources */,
				987469FF1F8565F900DD058F /* NuoPopoverSheet.m in Sources */,
				2C8974931D8BBAEF00460648 /* NuoMeshOptions.m in Sources */,
				2C52F12E1DCC03380034ACDC /* NuoTextureMesh.mm in Sources */,
				2C4B60421D8AD32100A12968 /* ModelOperationPanel.m in Sources */,
				2C723A991E42D05700484992 /* ModelPartDimensionPanel.m in Sources */,
				2CCF9C771E5B4F77006EF8C4 /* NuoOffscreenView.m in Sources */,
				2C6A8E5A1F7FE8BB0007551F /* ShadersDeferred.metal in Sources */,
				2CF62A721EEF7CD0003E23EF /* NuoShadowMapRenderer.m in Sources */,
				2C723AA91E43A83600484992 /* NuoMeshRotation.m in Sources */,
				2C5B92C31D73F51E00722936 /* NuoMaterial.cpp in Sources */,
				2C840D0E1D7001C2000D2956 /* NuoMetalView.m in Sources */,
				2C156CAE1EE7961C000C52D4 /* NuoBoardMesh.m in Sources */,
				2CAF2E851D691AC90074E402 /* tiny_obj_loader.cc in Sources */,
				2CF62A471EE9B4E7003E23EF /* BoardSettingsPanel.m in Sources */,
				98CD06BA1DE4CC2800881F5F /* ShadersTexturedMaterialedBump.metal in Sources */,
				2C156CD01EE9B357000C52D4 /* NuoSheetPanel.m in Sources */,
				2C5B92C01D72D11E00722936 /* NuoModelBase.cpp in Sources */,
				2C235FCE1DD6CBD700E68295 /* ShadersMaterialed.metal in Sources */,
				2C82E1091F874B2500D2C85C /* ModelOperationAmbientPopover.m in Sources */,
				2C235FCD1DD6CBD700E68295 /* Shaders.metal in Sources */,
				2C235FD11DD6CBD700E68295 /* ShadersTextureImage.metal in Sources */,
				2C2ACEC01FA1B1AE0055D52D /* FrameRateView.m in Sources */,
				2C97774B1F7E07B80031F188 /* NuoScreenSpaceTarget.m in Sources */,
				2C5A58501ED3F2FD00121A82 /* NuoModelBoard.cpp in Sources */,
				2C9D9AAA1D658F0800283E46 /* AppDelegate.m in Sources */,
				9884424B1D80B07500EE2C4C /* NuoMeshTexMatieraled.mm in Sources */,
				2C97775A1F7EC8B60031F188 /* NuoMeshSceneRenderPass.m in Sources */,
				2C5DDADA1D65949E00A9DC9A /* ModelViewerRenderer.mm in Sources */,
				988442461D80853700EE2C4C /* NuoModelMaterialedBasic.cpp in Sources */,
				2C5DDAD61D6591B000A9DC9A /* NuoMathUtilities.cpp in Sources */,
				2C9E397B1DF7D8BC00286EA0 /* NuoTableExporter.cpp in Sources */,
				2C2F45781F9B9C6800B05607 /* NuoBackdropMesh.m in Sources */,
				2CE2D7FF1E2167F2000CCD2D /* ModelPartsPanel.m in Sources */,
				2C3D9A9C1D7DF5C3002C1226 /* NuoModelTextured.cpp in Sources */,
			);
			runOnlyForDeploymentPostprocessing = 0;
		};
/* End PBXSourcesBuildPhase section */

/* Begin PBXTargetDependency section */
		2C4DE7871DFB565300199F1D /* PBXTargetDependency */ = {
			isa = PBXTargetDependency;
			name = libluad;
			targetProxy = 2C4DE7861DFB565300199F1D /* PBXContainerItemProxy */;
		};
/* End PBXTargetDependency section */

/* Begin PBXVariantGroup section */
		2C5B92B21D7157A600722936 /* MainMenu.xib */ = {
			isa = PBXVariantGroup;
			children = (
				2C5B92B31D7157A600722936 /* Base */,
			);
			name = MainMenu.xib;
			sourceTree = "<group>";
		};
/* End PBXVariantGroup section */

/* Begin XCBuildConfiguration section */
		2C9D9AB41D658F0800283E46 /* Debug */ = {
			isa = XCBuildConfiguration;
			buildSettings = {
				ALWAYS_SEARCH_USER_PATHS = NO;
				CLANG_ANALYZER_NONNULL = YES;
				CLANG_CXX_LANGUAGE_STANDARD = "gnu++0x";
				CLANG_CXX_LIBRARY = "libc++";
				CLANG_ENABLE_MODULES = YES;
				CLANG_ENABLE_OBJC_ARC = YES;
				CLANG_WARN_BLOCK_CAPTURE_AUTORELEASING = YES;
				CLANG_WARN_BOOL_CONVERSION = YES;
				CLANG_WARN_COMMA = YES;
				CLANG_WARN_CONSTANT_CONVERSION = YES;
				CLANG_WARN_DIRECT_OBJC_ISA_USAGE = YES_ERROR;
				CLANG_WARN_EMPTY_BODY = YES;
				CLANG_WARN_ENUM_CONVERSION = YES;
				CLANG_WARN_INFINITE_RECURSION = YES;
				CLANG_WARN_INT_CONVERSION = YES;
				CLANG_WARN_NON_LITERAL_NULL_CONVERSION = YES;
				CLANG_WARN_OBJC_LITERAL_CONVERSION = YES;
				CLANG_WARN_OBJC_ROOT_CLASS = YES_ERROR;
				CLANG_WARN_RANGE_LOOP_ANALYSIS = YES;
				CLANG_WARN_STRICT_PROTOTYPES = YES;
				CLANG_WARN_SUSPICIOUS_MOVE = YES;
				CLANG_WARN_UNREACHABLE_CODE = YES;
				CLANG_WARN__DUPLICATE_METHOD_MATCH = YES;
				CODE_SIGN_IDENTITY = "";
				COPY_PHASE_STRIP = NO;
				DEBUG_INFORMATION_FORMAT = dwarf;
				ENABLE_STRICT_OBJC_MSGSEND = YES;
				ENABLE_TESTABILITY = YES;
				GCC_C_LANGUAGE_STANDARD = gnu99;
				GCC_DYNAMIC_NO_PIC = NO;
				GCC_NO_COMMON_BLOCKS = YES;
				GCC_OPTIMIZATION_LEVEL = 0;
				GCC_PREPROCESSOR_DEFINITIONS = (
					"DEBUG=1",
					"$(inherited)",
					"METAL_2=1",
				);
				GCC_WARN_64_TO_32_BIT_CONVERSION = YES;
				GCC_WARN_ABOUT_RETURN_TYPE = YES_ERROR;
				GCC_WARN_UNDECLARED_SELECTOR = YES;
				GCC_WARN_UNINITIALIZED_AUTOS = YES_AGGRESSIVE;
				GCC_WARN_UNUSED_FUNCTION = YES;
				GCC_WARN_UNUSED_VARIABLE = YES;
				MACOSX_DEPLOYMENT_TARGET = 10.11;
				MTL_ENABLE_DEBUG_INFO = YES;
				ONLY_ACTIVE_ARCH = YES;
				SDKROOT = macosx;
				USER_HEADER_SEARCH_PATHS = ./ModelViewer/ViewerFoundation/Scripting/Lua/src;
			};
			name = Debug;
		};
		2C9D9AB51D658F0800283E46 /* Release */ = {
			isa = XCBuildConfiguration;
			buildSettings = {
				ALWAYS_SEARCH_USER_PATHS = NO;
				CLANG_ANALYZER_NONNULL = YES;
				CLANG_CXX_LANGUAGE_STANDARD = "gnu++0x";
				CLANG_CXX_LIBRARY = "libc++";
				CLANG_ENABLE_MODULES = YES;
				CLANG_ENABLE_OBJC_ARC = YES;
				CLANG_WARN_BLOCK_CAPTURE_AUTORELEASING = YES;
				CLANG_WARN_BOOL_CONVERSION = YES;
				CLANG_WARN_COMMA = YES;
				CLANG_WARN_CONSTANT_CONVERSION = YES;
				CLANG_WARN_DIRECT_OBJC_ISA_USAGE = YES_ERROR;
				CLANG_WARN_EMPTY_BODY = YES;
				CLANG_WARN_ENUM_CONVERSION = YES;
				CLANG_WARN_INFINITE_RECURSION = YES;
				CLANG_WARN_INT_CONVERSION = YES;
				CLANG_WARN_NON_LITERAL_NULL_CONVERSION = YES;
				CLANG_WARN_OBJC_LITERAL_CONVERSION = YES;
				CLANG_WARN_OBJC_ROOT_CLASS = YES_ERROR;
				CLANG_WARN_RANGE_LOOP_ANALYSIS = YES;
				CLANG_WARN_STRICT_PROTOTYPES = YES;
				CLANG_WARN_SUSPICIOUS_MOVE = YES;
				CLANG_WARN_UNREACHABLE_CODE = YES;
				CLANG_WARN__DUPLICATE_METHOD_MATCH = YES;
				CODE_SIGN_IDENTITY = "";
				COPY_PHASE_STRIP = NO;
				DEBUG_INFORMATION_FORMAT = "dwarf-with-dsym";
				ENABLE_NS_ASSERTIONS = NO;
				ENABLE_STRICT_OBJC_MSGSEND = YES;
				GCC_C_LANGUAGE_STANDARD = gnu99;
				GCC_NO_COMMON_BLOCKS = YES;
				GCC_PREPROCESSOR_DEFINITIONS = "METAL_2=1";
				GCC_WARN_64_TO_32_BIT_CONVERSION = YES;
				GCC_WARN_ABOUT_RETURN_TYPE = YES_ERROR;
				GCC_WARN_UNDECLARED_SELECTOR = YES;
				GCC_WARN_UNINITIALIZED_AUTOS = YES_AGGRESSIVE;
				GCC_WARN_UNUSED_FUNCTION = YES;
				GCC_WARN_UNUSED_VARIABLE = YES;
				MACOSX_DEPLOYMENT_TARGET = 10.11;
				MTL_ENABLE_DEBUG_INFO = NO;
				SDKROOT = macosx;
				USER_HEADER_SEARCH_PATHS = ./ModelViewer/ViewerFoundation/Scripting/Lua/src;
			};
			name = Release;
		};
		2C9D9AB71D658F0800283E46 /* Debug */ = {
			isa = XCBuildConfiguration;
			buildSettings = {
				ASSETCATALOG_COMPILER_APPICON_NAME = AppIcon;
				CODE_SIGN_IDENTITY = "";
				COMBINE_HIDPI_IMAGES = YES;
				HEADER_SEARCH_PATHS = glm;
				INFOPLIST_FILE = ModelViewer/Info.plist;
				LD_RUNPATH_SEARCH_PATHS = "$(inherited) @executable_path/../Frameworks";
				MTL_LANGUAGE_REVISION = Metal20;
				MTL_PREPROCESSOR_DEFINITIONS = Metal;
				PRODUCT_BUNDLE_IDENTIFIER = fengdong.model.viewer;
				PRODUCT_NAME = "$(TARGET_NAME)";
			};
			name = Debug;
		};
		2C9D9AB81D658F0800283E46 /* Release */ = {
			isa = XCBuildConfiguration;
			buildSettings = {
				ASSETCATALOG_COMPILER_APPICON_NAME = AppIcon;
				CODE_SIGN_IDENTITY = "";
				COMBINE_HIDPI_IMAGES = YES;
				HEADER_SEARCH_PATHS = glm;
				INFOPLIST_FILE = ModelViewer/Info.plist;
				LD_RUNPATH_SEARCH_PATHS = "$(inherited) @executable_path/../Frameworks";
				MTL_LANGUAGE_REVISION = Metal20;
				MTL_PREPROCESSOR_DEFINITIONS = Metal;
				PRODUCT_BUNDLE_IDENTIFIER = fengdong.model.viewer;
				PRODUCT_NAME = "$(TARGET_NAME)";
			};
			name = Release;
		};
/* End XCBuildConfiguration section */

/* Begin XCConfigurationList section */
		2C9D9AA01D658F0800283E46 /* Build configuration list for PBXProject "ModelViewer" */ = {
			isa = XCConfigurationList;
			buildConfigurations = (
				2C9D9AB41D658F0800283E46 /* Debug */,
				2C9D9AB51D658F0800283E46 /* Release */,
			);
			defaultConfigurationIsVisible = 0;
			defaultConfigurationName = Release;
		};
		2C9D9AB61D658F0800283E46 /* Build configuration list for PBXNativeTarget "ModelViewer" */ = {
			isa = XCConfigurationList;
			buildConfigurations = (
				2C9D9AB71D658F0800283E46 /* Debug */,
				2C9D9AB81D658F0800283E46 /* Release */,
			);
			defaultConfigurationIsVisible = 0;
			defaultConfigurationName = Release;
		};
/* End XCConfigurationList section */
	};
	rootObject = 2C9D9A9D1D658F0800283E46 /* Project object */;
}
