// !$*UTF8*$!
{
	archiveVersion = 1;
	classes = {
	};
	objectVersion = 46;
	objects = {

/* Begin PBXBuildFile section */
		2C9D9AAA1D658F0800283E46 /* AppDelegate.m in Sources */ = {isa = PBXBuildFile; fileRef = 2C9D9AA91D658F0800283E46 /* AppDelegate.m */; };
		2C9D9AAD1D658F0800283E46 /* main.m in Sources */ = {isa = PBXBuildFile; fileRef = 2C9D9AAC1D658F0800283E46 /* main.m */; };
		2C9D9AAF1D658F0800283E46 /* Assets.xcassets in Resources */ = {isa = PBXBuildFile; fileRef = 2C9D9AAE1D658F0800283E46 /* Assets.xcassets */; };
		2C9D9AB21D658F0800283E46 /* MainMenu.xib in Resources */ = {isa = PBXBuildFile; fileRef = 2C9D9AB01D658F0800283E46 /* MainMenu.xib */; };
/* End PBXBuildFile section */

/* Begin PBXFileReference section */
		2C9D9AA51D658F0800283E46 /* Lighting.app */ = {isa = PBXFileReference; explicitFileType = wrapper.application; includeInIndex = 0; path = Lighting.app; sourceTree = BUILT_PRODUCTS_DIR; };
		2C9D9AA81D658F0800283E46 /* AppDelegate.h */ = {isa = PBXFileReference; lastKnownFileType = sourcecode.c.h; path = AppDelegate.h; sourceTree = "<group>"; };
		2C9D9AA91D658F0800283E46 /* AppDelegate.m */ = {isa = PBXFileReference; lastKnownFileType = sourcecode.c.objc; path = AppDelegate.m; sourceTree = "<group>"; };
		2C9D9AAC1D658F0800283E46 /* main.m */ = {isa = PBXFileReference; lastKnownFileType = sourcecode.c.objc; path = main.m; sourceTree = "<group>"; };
		2C9D9AAE1D658F0800283E46 /* Assets.xcassets */ = {isa = PBXFileReference; lastKnownFileType = folder.assetcatalog; path = Assets.xcassets; sourceTree = "<group>"; };
		2C9D9AB11D658F0800283E46 /* Base */ = {isa = PBXFileReference; lastKnownFileType = file.xib; name = Base; path = Base.lproj/MainMenu.xib; sourceTree = "<group>"; };
		2C9D9AB31D658F0800283E46 /* Info.plist */ = {isa = PBXFileReference; lastKnownFileType = text.plist.xml; path = Info.plist; sourceTree = "<group>"; };
/* End PBXFileReference section */

/* Begin PBXFrameworksBuildPhase section */
		2C9D9AA21D658F0800283E46 /* Frameworks */ = {
			isa = PBXFrameworksBuildPhase;
			buildActionMask = 2147483647;
			files = (
			);
			runOnlyForDeploymentPostprocessing = 0;
		};
/* End PBXFrameworksBuildPhase section */

/* Begin PBXGroup section */
		2C9D9A9C1D658F0800283E46 = {
			isa = PBXGroup;
			children = (
				2C9D9AA71D658F0800283E46 /* Lighting */,
				2C9D9AA61D658F0800283E46 /* Products */,
			);
			sourceTree = "<group>";
		};
		2C9D9AA61D658F0800283E46 /* Products */ = {
			isa = PBXGroup;
			children = (
				2C9D9AA51D658F0800283E46 /* Lighting.app */,
			);
			name = Products;
			sourceTree = "<group>";
		};
		2C9D9AA71D658F0800283E46 /* Lighting */ = {
			isa = PBXGroup;
			children = (
				2C9D9AA81D658F0800283E46 /* AppDelegate.h */,
				2C9D9AA91D658F0800283E46 /* AppDelegate.m */,
				2C9D9AAE1D658F0800283E46 /* Assets.xcassets */,
				2C9D9AB01D658F0800283E46 /* MainMenu.xib */,
				2C9D9AB31D658F0800283E46 /* Info.plist */,
				2C9D9AAB1D658F0800283E46 /* Supporting Files */,
			);
			path = Lighting;
			sourceTree = "<group>";
		};
		2C9D9AAB1D658F0800283E46 /* Supporting Files */ = {
			isa = PBXGroup;
			children = (
				2C9D9AAC1D658F0800283E46 /* main.m */,
			);
			name = "Supporting Files";
			sourceTree = "<group>";
		};
/* End PBXGroup section */

/* Begin PBXNativeTarget section */
		2C9D9AA41D658F0800283E46 /* Lighting */ = {
			isa = PBXNativeTarget;
			buildConfigurationList = 2C9D9AB61D658F0800283E46 /* Build configuration list for PBXNativeTarget "Lighting" */;
			buildPhases = (
				2C9D9AA11D658F0800283E46 /* Sources */,
				2C9D9AA21D658F0800283E46 /* Frameworks */,
				2C9D9AA31D658F0800283E46 /* Resources */,
			);
			buildRules = (
			);
			dependencies = (
			);
			name = Lighting;
			productName = Lighting;
			productReference = 2C9D9AA51D658F0800283E46 /* Lighting.app */;
			productType = "com.apple.product-type.application";
		};
/* End PBXNativeTarget section */

/* Begin PBXProject section */
		2C9D9A9D1D658F0800283E46 /* Project object */ = {
			isa = PBXProject;
			attributes = {
				LastUpgradeCheck = 0730;
				ORGANIZATIONNAME = middleware;
				TargetAttributes = {
					2C9D9AA41D658F0800283E46 = {
						CreatedOnToolsVersion = 7.3.1;
					};
				};
			};
			buildConfigurationList = 2C9D9AA01D658F0800283E46 /* Build configuration list for PBXProject "Lighting" */;
			compatibilityVersion = "Xcode 3.2";
			developmentRegion = English;
			hasScannedForEncodings = 0;
			knownRegions = (
				en,
				Base,
			);
			mainGroup = 2C9D9A9C1D658F0800283E46;
			productRefGroup = 2C9D9AA61D658F0800283E46 /* Products */;
			projectDirPath = "";
			projectRoot = "";
			targets = (
				2C9D9AA41D658F0800283E46 /* Lighting */,
			);
		};
/* End PBXProject section */

/* Begin PBXResourcesBuildPhase section */
		2C9D9AA31D658F0800283E46 /* Resources */ = {
			isa = PBXResourcesBuildPhase;
			buildActionMask = 2147483647;
			files = (
				2C9D9AAF1D658F0800283E46 /* Assets.xcassets in Resources */,
				2C9D9AB21D658F0800283E46 /* MainMenu.xib in Resources */,
			);
			runOnlyForDeploymentPostprocessing = 0;
		};
/* End PBXResourcesBuildPhase section */

/* Begin PBXSourcesBuildPhase section */
		2C9D9AA11D658F0800283E46 /* Sources */ = {
			isa = PBXSourcesBuildPhase;
			buildActionMask = 2147483647;
			files = (
				2C9D9AAD1D658F0800283E46 /* main.m in Sources */,
				2C9D9AAA1D658F0800283E46 /* AppDelegate.m in Sources */,
			);
			runOnlyForDeploymentPostprocessing = 0;
		};
/* End PBXSourcesBuildPhase section */

/* Begin PBXVariantGroup section */
		2C9D9AB01D658F0800283E46 /* MainMenu.xib */ = {
			isa = PBXVariantGroup;
			children = (
				2C9D9AB11D658F0800283E46 /* Base */,
			);
			name = MainMenu.xib;
			sourceTree = "<group>";
		};
/* End PBXVariantGroup section */

/* Begin XCBuildConfiguration section */
		2C9D9AB41D658F0800283E46 /* Debug */ = {
			isa = XCBuildConfiguration;
			buildSettings = {
				ALWAYS_SEARCH_USER_PATHS = NO;
				CLANG_ANALYZER_NONNULL = YES;
				CLANG_CXX_LANGUAGE_STANDARD = "gnu++0x";
				CLANG_CXX_LIBRARY = "libc++";
				CLANG_ENABLE_MODULES = YES;
				CLANG_ENABLE_OBJC_ARC = YES;
				CLANG_WARN_BOOL_CONVERSION = YES;
				CLANG_WARN_CONSTANT_CONVERSION = YES;
				CLANG_WARN_DIRECT_OBJC_ISA_USAGE = YES_ERROR;
				CLANG_WARN_EMPTY_BODY = YES;
				CLANG_WARN_ENUM_CONVERSION = YES;
				CLANG_WARN_INT_CONVERSION = YES;
				CLANG_WARN_OBJC_ROOT_CLASS = YES_ERROR;
				CLANG_WARN_UNREACHABLE_CODE = YES;
				CLANG_WARN__DUPLICATE_METHOD_MATCH = YES;
				CODE_SIGN_IDENTITY = "-";
				COPY_PHASE_STRIP = NO;
				DEBUG_INFORMATION_FORMAT = dwarf;
				ENABLE_STRICT_OBJC_MSGSEND = YES;
				ENABLE_TESTABILITY = YES;
				GCC_C_LANGUAGE_STANDARD = gnu99;
				GCC_DYNAMIC_NO_PIC = NO;
				GCC_NO_COMMON_BLOCKS = YES;
				GCC_OPTIMIZATION_LEVEL = 0;
				GCC_PREPROCESSOR_DEFINITIONS = (
					"DEBUG=1",
					"$(inherited)",
				);
				GCC_WARN_64_TO_32_BIT_CONVERSION = YES;
				GCC_WARN_ABOUT_RETURN_TYPE = YES_ERROR;
				GCC_WARN_UNDECLARED_SELECTOR = YES;
				GCC_WARN_UNINITIALIZED_AUTOS = YES_AGGRESSIVE;
				GCC_WARN_UNUSED_FUNCTION = YES;
				GCC_WARN_UNUSED_VARIABLE = YES;
				MACOSX_DEPLOYMENT_TARGET = 10.11;
				MTL_ENABLE_DEBUG_INFO = YES;
				ONLY_ACTIVE_ARCH = YES;
				SDKROOT = macosx;
			};
			name = Debug;
		};
		2C9D9AB51D658F0800283E46 /* Release */ = {
			isa = XCBuildConfiguration;
			buildSettings = {
				ALWAYS_SEARCH_USER_PATHS = NO;
				CLANG_ANALYZER_NONNULL = YES;
				CLANG_CXX_LANGUAGE_STANDARD = "gnu++0x";
				CLANG_CXX_LIBRARY = "libc++";
				CLANG_ENABLE_MODULES = YES;
				CLANG_ENABLE_OBJC_ARC = YES;
				CLANG_WARN_BOOL_CONVERSION = YES;
				CLANG_WARN_CONSTANT_CONVERSION = YES;
				CLANG_WARN_DIRECT_OBJC_ISA_USAGE = YES_ERROR;
				CLANG_WARN_EMPTY_BODY = YES;
				CLANG_WARN_ENUM_CONVERSION = YES;
				CLANG_WARN_INT_CONVERSION = YES;
				CLANG_WARN_OBJC_ROOT_CLASS = YES_ERROR;
				CLANG_WARN_UNREACHABLE_CODE = YES;
				CLANG_WARN__DUPLICATE_METHOD_MATCH = YES;
				CODE_SIGN_IDENTITY = "-";
				COPY_PHASE_STRIP = NO;
				DEBUG_INFORMATION_FORMAT = "dwarf-with-dsym";
				ENABLE_NS_ASSERTIONS = NO;
				ENABLE_STRICT_OBJC_MSGSEND = YES;
				GCC_C_LANGUAGE_STANDARD = gnu99;
				GCC_NO_COMMON_BLOCKS = YES;
				GCC_WARN_64_TO_32_BIT_CONVERSION = YES;
				GCC_WARN_ABOUT_RETURN_TYPE = YES_ERROR;
				GCC_WARN_UNDECLARED_SELECTOR = YES;
				GCC_WARN_UNINITIALIZED_AUTOS = YES_AGGRESSIVE;
				GCC_WARN_UNUSED_FUNCTION = YES;
				GCC_WARN_UNUSED_VARIABLE = YES;
				MACOSX_DEPLOYMENT_TARGET = 10.11;
				MTL_ENABLE_DEBUG_INFO = NO;
				SDKROOT = macosx;
			};
			name = Release;
		};
		2C9D9AB71D658F0800283E46 /* Debug */ = {
			isa = XCBuildConfiguration;
			buildSettings = {
				ASSETCATALOG_COMPILER_APPICON_NAME = AppIcon;
				COMBINE_HIDPI_IMAGES = YES;
				INFOPLIST_FILE = Lighting/Info.plist;
				LD_RUNPATH_SEARCH_PATHS = "$(inherited) @executable_path/../Frameworks";
				PRODUCT_BUNDLE_IDENTIFIER = com.adobe.Lighting;
				PRODUCT_NAME = "$(TARGET_NAME)";
			};
			name = Debug;
		};
		2C9D9AB81D658F0800283E46 /* Release */ = {
			isa = XCBuildConfiguration;
			buildSettings = {
				ASSETCATALOG_COMPILER_APPICON_NAME = AppIcon;
				COMBINE_HIDPI_IMAGES = YES;
				INFOPLIST_FILE = Lighting/Info.plist;
				LD_RUNPATH_SEARCH_PATHS = "$(inherited) @executable_path/../Frameworks";
				PRODUCT_BUNDLE_IDENTIFIER = com.adobe.Lighting;
				PRODUCT_NAME = "$(TARGET_NAME)";
			};
			name = Release;
		};
/* End XCBuildConfiguration section */

/* Begin XCConfigurationList section */
		2C9D9AA01D658F0800283E46 /* Build configuration list for PBXProject "Lighting" */ = {
			isa = XCConfigurationList;
			buildConfigurations = (
				2C9D9AB41D658F0800283E46 /* Debug */,
				2C9D9AB51D658F0800283E46 /* Release */,
			);
			defaultConfigurationIsVisible = 0;
			defaultConfigurationName = Release;
		};
		2C9D9AB61D658F0800283E46 /* Build configuration list for PBXNativeTarget "Lighting" */ = {
			isa = XCConfigurationList;
			buildConfigurations = (
				2C9D9AB71D658F0800283E46 /* Debug */,
				2C9D9AB81D658F0800283E46 /* Release */,
			);
			defaultConfigurationIsVisible = 0;
		};
/* End XCConfigurationList section */
	};
	rootObject = 2C9D9A9D1D658F0800283E46 /* Project object */;
}
